// !$*UTF8*$!
{
	archiveVersion = 1;
	classes = {
	};
	objectVersion = 50;
	objects = {

/* Begin PBXBuildFile section */
		2B1903722563FE16006D755E /* AppDelegate.m in Sources */ = {isa = PBXBuildFile; fileRef = 2B1903712563FE16006D755E /* AppDelegate.m */; };
		2B19037D2563FE17006D755E /* Assets.xcassets in Resources */ = {isa = PBXBuildFile; fileRef = 2B19037C2563FE17006D755E /* Assets.xcassets */; };
		2B1903832563FE17006D755E /* main.m in Sources */ = {isa = PBXBuildFile; fileRef = 2B1903822563FE17006D755E /* main.m */; settings = {COMPILER_FLAGS = "-fno-objc-arc"; }; };
		2B1903982563FE17006D755E /* rss_readerUITests.m in Sources */ = {isa = PBXBuildFile; fileRef = 2B1903972563FE17006D755E /* rss_readerUITests.m */; };
		2B53014F256E430200E82D56 /* NSDateFormatter+FormatInitializable.m in Sources */ = {isa = PBXBuildFile; fileRef = 2B53014E256E430200E82D56 /* NSDateFormatter+FormatInitializable.m */; settings = {COMPILER_FLAGS = "-fno-objc-arc"; }; };
		2BBE8E1F256D37A400B31BC5 /* UVChannelFeedPresenter.m in Sources */ = {isa = PBXBuildFile; fileRef = 2BBE8E1C256D37A400B31BC5 /* UVChannelFeedPresenter.m */; };
		2BBE8E33256D37CE00B31BC5 /* UVChannelFeedViewController.m in Sources */ = {isa = PBXBuildFile; fileRef = 2BBE8E31256D37CE00B31BC5 /* UVChannelFeedViewController.m */; };
		2BBE8E62256D395500B31BC5 /* NSDate+StringConvertible.m in Sources */ = {isa = PBXBuildFile; fileRef = 2BBE8E61256D395500B31BC5 /* NSDate+StringConvertible.m */; settings = {COMPILER_FLAGS = "-fno-objc-arc"; }; };
		2BBE8E80256D446A00B31BC5 /* NSXMLParser+DelegateInitializable.m in Sources */ = {isa = PBXBuildFile; fileRef = 2BBE8E7F256D446A00B31BC5 /* NSXMLParser+DelegateInitializable.m */; };
		2BF48F9E256E9B85007A81E0 /* Localizable.strings in Resources */ = {isa = PBXBuildFile; fileRef = 2BF48FA0256E9B85007A81E0 /* Localizable.strings */; };
		7344475125A9D3FE00CDEA78 /* UVNetworkTests.m in Sources */ = {isa = PBXBuildFile; fileRef = 7344475025A9D3FE00CDEA78 /* UVNetworkTests.m */; };
		734AEE762591E8FD00CE5716 /* UVSourceRepository.m in Sources */ = {isa = PBXBuildFile; fileRef = 734AEE752591E8FD00CE5716 /* UVSourceRepository.m */; settings = {COMPILER_FLAGS = "-fno-objc-arc"; }; };
		7351C6DE25A11EEF00378AB2 /* UVRSSFeedItem.m in Sources */ = {isa = PBXBuildFile; fileRef = 7351C6DD25A11EEF00378AB2 /* UVRSSFeedItem.m */; };
		7351C6E925A11F0700378AB2 /* UVRSSFeed.m in Sources */ = {isa = PBXBuildFile; fileRef = 7351C6E725A11F0700378AB2 /* UVRSSFeed.m */; settings = {COMPILER_FLAGS = "-fno-objc-arc"; }; };
		7351C6F125A11F1D00378AB2 /* UVNetwork.m in Sources */ = {isa = PBXBuildFile; fileRef = 7351C6EF25A11F1D00378AB2 /* UVNetwork.m */; };
		7351C70B25A11FD600378AB2 /* UVFeedTableViewCell.m in Sources */ = {isa = PBXBuildFile; fileRef = 7351C70925A11FD600378AB2 /* UVFeedTableViewCell.m */; settings = {COMPILER_FLAGS = "-fno-objc-arc"; }; };
		7356665825A8614A00FB8902 /* UVDataRecognizerTests.m in Sources */ = {isa = PBXBuildFile; fileRef = 7356665725A8614A00FB8902 /* UVDataRecognizerTests.m */; };
		7356666025A866F400FB8902 /* tutby.html in Resources */ = {isa = PBXBuildFile; fileRef = 7356665F25A866F400FB8902 /* tutby.html */; };
		7356666F25A8694D00FB8902 /* UVFeedParserMock.m in Sources */ = {isa = PBXBuildFile; fileRef = 7356666E25A8694D00FB8902 /* UVFeedParserMock.m */; };
		7356667B25A8783300FB8902 /* tutbynorss.html in Resources */ = {isa = PBXBuildFile; fileRef = 7356667A25A8783300FB8902 /* tutbynorss.html */; };
		7356668525A87ADD00FB8902 /* UVRSSLinkXMLParserMock.m in Sources */ = {isa = PBXBuildFile; fileRef = 7356668425A87ADD00FB8902 /* UVRSSLinkXMLParserMock.m */; };
		7356668D25A880A600FB8902 /* UVRSSLinkXMLParserTests.m in Sources */ = {isa = PBXBuildFile; fileRef = 7356668C25A880A600FB8902 /* UVRSSLinkXMLParserTests.m */; settings = {COMPILER_FLAGS = "-fno-objc-arc"; }; };
		7362CAD525A24D4100037AEF /* SwissKnife.m in Sources */ = {isa = PBXBuildFile; fileRef = 7362CAB825A24D4100037AEF /* SwissKnife.m */; };
		7362CAD625A24D4100037AEF /* RSSDataFactory.m in Sources */ = {isa = PBXBuildFile; fileRef = 7362CABD25A24D4100037AEF /* RSSDataFactory.m */; };
		7362CAD825A24D4100037AEF /* UVFeedXMLParserTests.m in Sources */ = {isa = PBXBuildFile; fileRef = 7362CAC125A24D4100037AEF /* UVFeedXMLParserTests.m */; settings = {COMPILER_FLAGS = "-fno-objc-arc"; }; };
		7362CAD925A24D4100037AEF /* UVChannelFeedPresenterTests.m in Sources */ = {isa = PBXBuildFile; fileRef = 7362CAC225A24D4100037AEF /* UVChannelFeedPresenterTests.m */; };
		7362CADA25A24D4100037AEF /* UIApplicationMock.m in Sources */ = {isa = PBXBuildFile; fileRef = 7362CAC525A24D4100037AEF /* UIApplicationMock.m */; settings = {COMPILER_FLAGS = "-fno-objc-arc"; }; };
		7362CADC25A24D4100037AEF /* MockParser.m in Sources */ = {isa = PBXBuildFile; fileRef = 7362CACC25A24D4100037AEF /* MockParser.m */; settings = {COMPILER_FLAGS = "-fno-objc-arc"; }; };
		7362CADD25A24D4100037AEF /* UVChannelFeedViewMock.m in Sources */ = {isa = PBXBuildFile; fileRef = 7362CACE25A24D4100037AEF /* UVChannelFeedViewMock.m */; };
		7362CADE25A24D4100037AEF /* UVNetworkMock.m in Sources */ = {isa = PBXBuildFile; fileRef = 7362CAD125A24D4100037AEF /* UVNetworkMock.m */; settings = {COMPILER_FLAGS = "-fno-objc-arc"; }; };
		7362CADF25A24D4100037AEF /* tutbyfeed.xml in Resources */ = {isa = PBXBuildFile; fileRef = 7362CAD425A24D4100037AEF /* tutbyfeed.xml */; };
		7362CAEF25A24DFB00037AEF /* UVSourceManagerMock.m in Sources */ = {isa = PBXBuildFile; fileRef = 7362CAEE25A24DFB00037AEF /* UVSourceManagerMock.m */; settings = {COMPILER_FLAGS = "-fno-objc-arc"; }; };
		7362CAF925A24FD800037AEF /* UVDataRecognizerMock.m in Sources */ = {isa = PBXBuildFile; fileRef = 7362CAF825A24FD800037AEF /* UVDataRecognizerMock.m */; settings = {COMPILER_FLAGS = "-fno-objc-arc"; }; };
		7381CCA625EC2DA8001EF1DD /* UITableViewCell+Util.m in Sources */ = {isa = PBXBuildFile; fileRef = 7381CCA525EC2DA8001EF1DD /* UITableViewCell+Util.m */; };
		738F68A625E4F8E90073657C /* UVDebugViewController.m in Sources */ = {isa = PBXBuildFile; fileRef = 738F68A525E4F8E90073657C /* UVDebugViewController.m */; };
		739956B025A9A47A003FD39C /* UVSourceManagerTests.m in Sources */ = {isa = PBXBuildFile; fileRef = 739956AF25A9A47A003FD39C /* UVSourceManagerTests.m */; settings = {COMPILER_FLAGS = "-fno-objc-arc"; }; };
		739956B725A9A5FE003FD39C /* UVPlistRepositoryMock.m in Sources */ = {isa = PBXBuildFile; fileRef = 739956B625A9A5FE003FD39C /* UVPlistRepositoryMock.m */; };
		739956C125A9ABD2003FD39C /* NSUserDefaultsMock.m in Sources */ = {isa = PBXBuildFile; fileRef = 739956C025A9ABD2003FD39C /* NSUserDefaultsMock.m */; settings = {COMPILER_FLAGS = "-fno-objc-arc"; }; };
		CA0A2BF12577B4C1003EC17A /* NSString+Util.m in Sources */ = {isa = PBXBuildFile; fileRef = CA0A2BEF2577B4C1003EC17A /* NSString+Util.m */; };
		CA0AE69B25D5557E00747528 /* UIImage+AppIcons.m in Sources */ = {isa = PBXBuildFile; fileRef = CA0AE68425D5557E00747528 /* UIImage+AppIcons.m */; };
		CA0AE6D425D55D4200747528 /* Reachability.m in Sources */ = {isa = PBXBuildFile; fileRef = CA0AE6D325D55D4200747528 /* Reachability.m */; };
		CA1090732590E5D300579204 /* NSArray+Util.m in Sources */ = {isa = PBXBuildFile; fileRef = CA1090722590E5D300579204 /* NSArray+Util.m */; };
		CA11C18D25A5FCB6002019F4 /* UVSourcesListViewMock.m in Sources */ = {isa = PBXBuildFile; fileRef = CA11C18C25A5FCB6002019F4 /* UVSourcesListViewMock.m */; };
		CA11C19C25A60631002019F4 /* UVFeedProviderTests.m in Sources */ = {isa = PBXBuildFile; fileRef = CA11C19A25A60630002019F4 /* UVFeedProviderTests.m */; settings = {COMPILER_FLAGS = "-fno-objc-arc"; }; };
		CA127D9925D69E5900AC67EA /* UVNavigationController.m in Sources */ = {isa = PBXBuildFile; fileRef = CA127D9825D69E5900AC67EA /* UVNavigationController.m */; };
		CA131AD1259A2DF50044D992 /* UVRSSLinkXMLParser.m in Sources */ = {isa = PBXBuildFile; fileRef = CA131AD0259A2DF50044D992 /* UVRSSLinkXMLParser.m */; settings = {COMPILER_FLAGS = "-fno-objc-arc"; }; };
		CA1C9BD0257940A9002364C3 /* UIBarButtonItem+PrettiInitializable.m in Sources */ = {isa = PBXBuildFile; fileRef = CA1C9BCF257940A9002364C3 /* UIBarButtonItem+PrettiInitializable.m */; settings = {COMPILER_FLAGS = "-fno-objc-arc"; }; };
		CA2BE099257F954400BC7749 /* RSSLink.m in Sources */ = {isa = PBXBuildFile; fileRef = CA2BE098257F954400BC7749 /* RSSLink.m */; };
		CA2EF4D0257E5F64002452CA /* Settings.bundle in Resources */ = {isa = PBXBuildFile; fileRef = CA2EF4CF257E5F64002452CA /* Settings.bundle */; };
		CA2EF4E5257E67DA002452CA /* UVDataRecognizer.m in Sources */ = {isa = PBXBuildFile; fileRef = CA2EF4E4257E67DA002452CA /* UVDataRecognizer.m */; settings = {COMPILER_FLAGS = "-fno-objc-arc"; }; };
		CA43630D25D5626D0082E44C /* UVPresentationBlockFactory.m in Sources */ = {isa = PBXBuildFile; fileRef = CA4362FC25D5626D0082E44C /* UVPresentationBlockFactory.m */; settings = {COMPILER_FLAGS = "-fno-objc-arc"; }; };
		CA43630E25D5626D0082E44C /* UVBasePresenter.m in Sources */ = {isa = PBXBuildFile; fileRef = CA4362FE25D5626D0082E44C /* UVBasePresenter.m */; };
		CA43630F25D5626D0082E44C /* UVBaseViewController.m in Sources */ = {isa = PBXBuildFile; fileRef = CA43630225D5626D0082E44C /* UVBaseViewController.m */; };
		CA43631025D5626D0082E44C /* UVAppCoordinator.m in Sources */ = {isa = PBXBuildFile; fileRef = CA43630425D5626D0082E44C /* UVAppCoordinator.m */; };
		CA43631125D5626D0082E44C /* UVSearchViewController.m in Sources */ = {isa = PBXBuildFile; fileRef = CA43630A25D5626D0082E44C /* UVSearchViewController.m */; settings = {COMPILER_FLAGS = "-fno-objc-arc"; }; };
		CA43632425D562AB0082E44C /* UVChannelSourceListPresenter.m in Sources */ = {isa = PBXBuildFile; fileRef = CA43631E25D562AB0082E44C /* UVChannelSourceListPresenter.m */; settings = {COMPILER_FLAGS = "-fno-objc-arc"; }; };
		CA43632525D562AB0082E44C /* UVChannelSourceListViewController.m in Sources */ = {isa = PBXBuildFile; fileRef = CA43632225D562AB0082E44C /* UVChannelSourceListViewController.m */; settings = {COMPILER_FLAGS = "-fno-objc-arc"; }; };
		CA43634D25D564DC0082E44C /* UVChannelSearchViewController.m in Sources */ = {isa = PBXBuildFile; fileRef = CA43634C25D564DC0082E44C /* UVChannelSearchViewController.m */; };
		CA43635725D565040082E44C /* UVChannelSearchPresenter.m in Sources */ = {isa = PBXBuildFile; fileRef = CA43635625D565040082E44C /* UVChannelSearchPresenter.m */; };
		CA59DCD725EF7DDA005356E7 /* UVChannelDoneListPresenter.m in Sources */ = {isa = PBXBuildFile; fileRef = CA59DCD625EF7DDA005356E7 /* UVChannelDoneListPresenter.m */; };
		CA59DCDD25EF7DEA005356E7 /* UVChannelDoneListViewController.m in Sources */ = {isa = PBXBuildFile; fileRef = CA59DCDC25EF7DEA005356E7 /* UVChannelDoneListViewController.m */; };
		CA69671C25E92A5E00595123 /* UVChannelSourceTableViewCell.m in Sources */ = {isa = PBXBuildFile; fileRef = CA69671B25E92A5E00595123 /* UVChannelSourceTableViewCell.m */; };
		CA7D975C25A4B776009CBD9B /* UVSourcesListPresenterTests.m in Sources */ = {isa = PBXBuildFile; fileRef = CA7D975B25A4B776009CBD9B /* UVSourcesListPresenterTests.m */; settings = {COMPILER_FLAGS = "-fno-objc-arc"; }; };
		CAB1611125DA8B2D0036B93D /* UVFeedXMLParser.m in Sources */ = {isa = PBXBuildFile; fileRef = CAB1611025DA8B2D0036B93D /* UVFeedXMLParser.m */; };
		CAB1612D25DAA2FF0036B93D /* UVChannelWebItemPresenter.m in Sources */ = {isa = PBXBuildFile; fileRef = CAB1612825DAA2FF0036B93D /* UVChannelWebItemPresenter.m */; };
		CAB1613625DAA31B0036B93D /* UVChannelWebItemViewController.m in Sources */ = {isa = PBXBuildFile; fileRef = CAB1613525DAA31B0036B93D /* UVChannelWebItemViewController.m */; };
		CAF30C2625701736004A925D /* UIViewController+Util.m in Sources */ = {isa = PBXBuildFile; fileRef = CAF30C2525701736004A925D /* UIViewController+Util.m */; settings = {COMPILER_FLAGS = "-fno-objc-arc"; }; };
		CAF8182D25DA8A860057EB50 /* UVFeedManager.m in Sources */ = {isa = PBXBuildFile; fileRef = CAF8182C25DA8A860057EB50 /* UVFeedManager.m */; };
		CAFBBECA2587B63D0000C272 /* UVSourceManager.m in Sources */ = {isa = PBXBuildFile; fileRef = CAFBBEC92587B63D0000C272 /* UVSourceManager.m */; settings = {COMPILER_FLAGS = "-fno-objc-arc"; }; };
/* End PBXBuildFile section */

/* Begin PBXContainerItemProxy section */
		2B1903892563FE17006D755E /* PBXContainerItemProxy */ = {
			isa = PBXContainerItemProxy;
			containerPortal = 2B1903652563FE16006D755E /* Project object */;
			proxyType = 1;
			remoteGlobalIDString = 2B19036C2563FE16006D755E;
			remoteInfo = "rss-reader";
		};
		2B1903942563FE17006D755E /* PBXContainerItemProxy */ = {
			isa = PBXContainerItemProxy;
			containerPortal = 2B1903652563FE16006D755E /* Project object */;
			proxyType = 1;
			remoteGlobalIDString = 2B19036C2563FE16006D755E;
			remoteInfo = "rss-reader";
		};
/* End PBXContainerItemProxy section */

/* Begin PBXFileReference section */
		2B19036D2563FE16006D755E /* rss-reader.app */ = {isa = PBXFileReference; explicitFileType = wrapper.application; includeInIndex = 0; path = "rss-reader.app"; sourceTree = BUILT_PRODUCTS_DIR; };
		2B1903702563FE16006D755E /* AppDelegate.h */ = {isa = PBXFileReference; lastKnownFileType = sourcecode.c.h; path = AppDelegate.h; sourceTree = "<group>"; };
		2B1903712563FE16006D755E /* AppDelegate.m */ = {isa = PBXFileReference; lastKnownFileType = sourcecode.c.objc; path = AppDelegate.m; sourceTree = "<group>"; };
		2B19037C2563FE17006D755E /* Assets.xcassets */ = {isa = PBXFileReference; lastKnownFileType = folder.assetcatalog; path = Assets.xcassets; sourceTree = "<group>"; };
		2B1903812563FE17006D755E /* Info.plist */ = {isa = PBXFileReference; lastKnownFileType = text.plist.xml; path = Info.plist; sourceTree = "<group>"; };
		2B1903822563FE17006D755E /* main.m */ = {isa = PBXFileReference; lastKnownFileType = sourcecode.c.objc; path = main.m; sourceTree = "<group>"; };
		2B1903882563FE17006D755E /* rss-readerTests.xctest */ = {isa = PBXFileReference; explicitFileType = wrapper.cfbundle; includeInIndex = 0; path = "rss-readerTests.xctest"; sourceTree = BUILT_PRODUCTS_DIR; };
		2B19038E2563FE17006D755E /* Info.plist */ = {isa = PBXFileReference; lastKnownFileType = text.plist.xml; path = Info.plist; sourceTree = "<group>"; };
		2B1903932563FE17006D755E /* rss-readerUITests.xctest */ = {isa = PBXFileReference; explicitFileType = wrapper.cfbundle; includeInIndex = 0; path = "rss-readerUITests.xctest"; sourceTree = BUILT_PRODUCTS_DIR; };
		2B1903972563FE17006D755E /* rss_readerUITests.m */ = {isa = PBXFileReference; lastKnownFileType = sourcecode.c.objc; path = rss_readerUITests.m; sourceTree = "<group>"; };
		2B1903992563FE17006D755E /* Info.plist */ = {isa = PBXFileReference; lastKnownFileType = text.plist.xml; path = Info.plist; sourceTree = "<group>"; };
		2B53014D256E430200E82D56 /* NSDateFormatter+FormatInitializable.h */ = {isa = PBXFileReference; lastKnownFileType = sourcecode.c.h; path = "NSDateFormatter+FormatInitializable.h"; sourceTree = "<group>"; };
		2B53014E256E430200E82D56 /* NSDateFormatter+FormatInitializable.m */ = {isa = PBXFileReference; lastKnownFileType = sourcecode.c.objc; path = "NSDateFormatter+FormatInitializable.m"; sourceTree = "<group>"; };
		2BBE8E1C256D37A400B31BC5 /* UVChannelFeedPresenter.m */ = {isa = PBXFileReference; fileEncoding = 4; lastKnownFileType = sourcecode.c.objc; name = UVChannelFeedPresenter.m; path = Presentation/ChannelFeed/Presenter/UVChannelFeedPresenter.m; sourceTree = "<group>"; };
		2BBE8E1D256D37A400B31BC5 /* UVChannelFeedPresenter.h */ = {isa = PBXFileReference; fileEncoding = 4; lastKnownFileType = sourcecode.c.h; name = UVChannelFeedPresenter.h; path = Presentation/ChannelFeed/Presenter/UVChannelFeedPresenter.h; sourceTree = "<group>"; };
		2BBE8E30256D37CE00B31BC5 /* UVChannelFeedViewController.h */ = {isa = PBXFileReference; fileEncoding = 4; lastKnownFileType = sourcecode.c.h; name = UVChannelFeedViewController.h; path = Presentation/ChannelFeed/View/UVChannelFeedViewController.h; sourceTree = "<group>"; };
		2BBE8E31256D37CE00B31BC5 /* UVChannelFeedViewController.m */ = {isa = PBXFileReference; fileEncoding = 4; lastKnownFileType = sourcecode.c.objc; name = UVChannelFeedViewController.m; path = Presentation/ChannelFeed/View/UVChannelFeedViewController.m; sourceTree = "<group>"; };
		2BBE8E32256D37CE00B31BC5 /* UVChannelFeedViewType.h */ = {isa = PBXFileReference; fileEncoding = 4; lastKnownFileType = sourcecode.c.h; name = UVChannelFeedViewType.h; path = Presentation/ChannelFeed/View/UVChannelFeedViewType.h; sourceTree = "<group>"; };
		2BBE8E60256D395500B31BC5 /* NSDate+StringConvertible.h */ = {isa = PBXFileReference; fileEncoding = 4; lastKnownFileType = sourcecode.c.h; path = "NSDate+StringConvertible.h"; sourceTree = "<group>"; };
		2BBE8E61256D395500B31BC5 /* NSDate+StringConvertible.m */ = {isa = PBXFileReference; fileEncoding = 4; lastKnownFileType = sourcecode.c.objc; path = "NSDate+StringConvertible.m"; sourceTree = "<group>"; };
		2BBE8E7E256D446A00B31BC5 /* NSXMLParser+DelegateInitializable.h */ = {isa = PBXFileReference; lastKnownFileType = sourcecode.c.h; path = "NSXMLParser+DelegateInitializable.h"; sourceTree = "<group>"; };
		2BBE8E7F256D446A00B31BC5 /* NSXMLParser+DelegateInitializable.m */ = {isa = PBXFileReference; lastKnownFileType = sourcecode.c.objc; path = "NSXMLParser+DelegateInitializable.m"; sourceTree = "<group>"; };
		2BF48F9F256E9B85007A81E0 /* en */ = {isa = PBXFileReference; lastKnownFileType = text.plist.strings; name = en; path = en.lproj/Localizable.strings; sourceTree = "<group>"; };
		2BF48FA4256E9B88007A81E0 /* ru */ = {isa = PBXFileReference; lastKnownFileType = text.plist.strings; name = ru; path = ru.lproj/Localizable.strings; sourceTree = "<group>"; };
		7344475025A9D3FE00CDEA78 /* UVNetworkTests.m */ = {isa = PBXFileReference; lastKnownFileType = sourcecode.c.objc; path = UVNetworkTests.m; sourceTree = "<group>"; };
		7346FF9025A32D5F00634829 /* UVRSSLinkKeys.h */ = {isa = PBXFileReference; lastKnownFileType = sourcecode.c.h; path = UVRSSLinkKeys.h; sourceTree = "<group>"; };
		734AEE742591E8FD00CE5716 /* UVSourceRepository.h */ = {isa = PBXFileReference; lastKnownFileType = sourcecode.c.h; path = UVSourceRepository.h; sourceTree = "<group>"; };
		734AEE752591E8FD00CE5716 /* UVSourceRepository.m */ = {isa = PBXFileReference; lastKnownFileType = sourcecode.c.objc; path = UVSourceRepository.m; sourceTree = "<group>"; };
		734AEE7A2591E90E00CE5716 /* UVPListRepositoryType.h */ = {isa = PBXFileReference; lastKnownFileType = sourcecode.c.h; path = UVPListRepositoryType.h; sourceTree = "<group>"; };
		734AEE7C2591EE6800CE5716 /* UVPropertyListConvertible.h */ = {isa = PBXFileReference; lastKnownFileType = sourcecode.c.h; path = UVPropertyListConvertible.h; sourceTree = "<group>"; };
		7351C6DA25A11EEF00378AB2 /* UVRSSFeedItem.h */ = {isa = PBXFileReference; fileEncoding = 4; lastKnownFileType = sourcecode.c.h; path = UVRSSFeedItem.h; sourceTree = "<group>"; };
		7351C6DC25A11EEF00378AB2 /* UVFeedItemKeys.h */ = {isa = PBXFileReference; fileEncoding = 4; lastKnownFileType = sourcecode.c.h; path = UVFeedItemKeys.h; sourceTree = "<group>"; };
		7351C6DD25A11EEF00378AB2 /* UVRSSFeedItem.m */ = {isa = PBXFileReference; fileEncoding = 4; lastKnownFileType = sourcecode.c.objc; path = UVRSSFeedItem.m; sourceTree = "<group>"; };
		7351C6E525A11F0700378AB2 /* UVRSSFeed.h */ = {isa = PBXFileReference; fileEncoding = 4; lastKnownFileType = sourcecode.c.h; path = UVRSSFeed.h; sourceTree = "<group>"; };
		7351C6E725A11F0700378AB2 /* UVRSSFeed.m */ = {isa = PBXFileReference; fileEncoding = 4; lastKnownFileType = sourcecode.c.objc; path = UVRSSFeed.m; sourceTree = "<group>"; };
		7351C6E825A11F0700378AB2 /* UVFeedChannelKeys.h */ = {isa = PBXFileReference; fileEncoding = 4; lastKnownFileType = sourcecode.c.h; path = UVFeedChannelKeys.h; sourceTree = "<group>"; };
		7351C6EE25A11F1D00378AB2 /* UVNetwork.h */ = {isa = PBXFileReference; fileEncoding = 4; lastKnownFileType = sourcecode.c.h; path = UVNetwork.h; sourceTree = "<group>"; };
		7351C6EF25A11F1D00378AB2 /* UVNetwork.m */ = {isa = PBXFileReference; fileEncoding = 4; lastKnownFileType = sourcecode.c.objc; path = UVNetwork.m; sourceTree = "<group>"; };
		7351C6F025A11F1D00378AB2 /* UVNetworkType.h */ = {isa = PBXFileReference; fileEncoding = 4; lastKnownFileType = sourcecode.c.h; path = UVNetworkType.h; sourceTree = "<group>"; };
		7351C6F925A11F4900378AB2 /* UVChannelFeedPresenterType.h */ = {isa = PBXFileReference; fileEncoding = 4; lastKnownFileType = sourcecode.c.h; name = UVChannelFeedPresenterType.h; path = Presentation/ChannelFeed/Presenter/UVChannelFeedPresenterType.h; sourceTree = "<group>"; };
		7351C70925A11FD600378AB2 /* UVFeedTableViewCell.m */ = {isa = PBXFileReference; fileEncoding = 4; lastKnownFileType = sourcecode.c.objc; name = UVFeedTableViewCell.m; path = Presentation/ChannelFeed/View/Cell/UVFeedTableViewCell.m; sourceTree = "<group>"; };
		7351C70A25A11FD600378AB2 /* UVFeedTableViewCell.h */ = {isa = PBXFileReference; fileEncoding = 4; lastKnownFileType = sourcecode.c.h; name = UVFeedTableViewCell.h; path = Presentation/ChannelFeed/View/Cell/UVFeedTableViewCell.h; sourceTree = "<group>"; };
		7351C71D25A1204A00378AB2 /* TagKeys.h */ = {isa = PBXFileReference; fileEncoding = 4; lastKnownFileType = sourcecode.c.h; path = TagKeys.h; sourceTree = "<group>"; };
		7351C71E25A1204A00378AB2 /* TagAttributeKeys.h */ = {isa = PBXFileReference; fileEncoding = 4; lastKnownFileType = sourcecode.c.h; path = TagAttributeKeys.h; sourceTree = "<group>"; };
		7351C71F25A1204A00378AB2 /* UVErrorDomain.h */ = {isa = PBXFileReference; fileEncoding = 4; lastKnownFileType = sourcecode.c.h; path = UVErrorDomain.h; sourceTree = "<group>"; };
		7356665725A8614A00FB8902 /* UVDataRecognizerTests.m */ = {isa = PBXFileReference; lastKnownFileType = sourcecode.c.objc; path = UVDataRecognizerTests.m; sourceTree = "<group>"; };
		7356665F25A866F400FB8902 /* tutby.html */ = {isa = PBXFileReference; lastKnownFileType = text.html; path = tutby.html; sourceTree = "<group>"; };
		7356666D25A8694D00FB8902 /* UVFeedParserMock.h */ = {isa = PBXFileReference; lastKnownFileType = sourcecode.c.h; path = UVFeedParserMock.h; sourceTree = "<group>"; };
		7356666E25A8694D00FB8902 /* UVFeedParserMock.m */ = {isa = PBXFileReference; lastKnownFileType = sourcecode.c.objc; path = UVFeedParserMock.m; sourceTree = "<group>"; };
		7356667A25A8783300FB8902 /* tutbynorss.html */ = {isa = PBXFileReference; lastKnownFileType = text.html; path = tutbynorss.html; sourceTree = "<group>"; };
		7356668325A87ADD00FB8902 /* UVRSSLinkXMLParserMock.h */ = {isa = PBXFileReference; lastKnownFileType = sourcecode.c.h; path = UVRSSLinkXMLParserMock.h; sourceTree = "<group>"; };
		7356668425A87ADD00FB8902 /* UVRSSLinkXMLParserMock.m */ = {isa = PBXFileReference; lastKnownFileType = sourcecode.c.objc; path = UVRSSLinkXMLParserMock.m; sourceTree = "<group>"; };
		7356668C25A880A600FB8902 /* UVRSSLinkXMLParserTests.m */ = {isa = PBXFileReference; lastKnownFileType = sourcecode.c.objc; path = UVRSSLinkXMLParserTests.m; sourceTree = "<group>"; };
		7357FF5F25ADEE370096D731 /* AtomKeys.h */ = {isa = PBXFileReference; lastKnownFileType = sourcecode.c.h; path = AtomKeys.h; sourceTree = "<group>"; };
		7359A808259381D3008105A2 /* KeyConstants.h */ = {isa = PBXFileReference; lastKnownFileType = sourcecode.c.h; path = KeyConstants.h; sourceTree = "<group>"; };
		7362CAB825A24D4100037AEF /* SwissKnife.m */ = {isa = PBXFileReference; fileEncoding = 4; lastKnownFileType = sourcecode.c.objc; path = SwissKnife.m; sourceTree = "<group>"; };
		7362CAB925A24D4100037AEF /* SwissKnife.h */ = {isa = PBXFileReference; fileEncoding = 4; lastKnownFileType = sourcecode.c.h; path = SwissKnife.h; sourceTree = "<group>"; };
		7362CABD25A24D4100037AEF /* RSSDataFactory.m */ = {isa = PBXFileReference; fileEncoding = 4; lastKnownFileType = sourcecode.c.objc; path = RSSDataFactory.m; sourceTree = "<group>"; };
		7362CABE25A24D4100037AEF /* RSSDataFactory.h */ = {isa = PBXFileReference; fileEncoding = 4; lastKnownFileType = sourcecode.c.h; path = RSSDataFactory.h; sourceTree = "<group>"; };
		7362CAC125A24D4100037AEF /* UVFeedXMLParserTests.m */ = {isa = PBXFileReference; fileEncoding = 4; lastKnownFileType = sourcecode.c.objc; path = UVFeedXMLParserTests.m; sourceTree = "<group>"; };
		7362CAC225A24D4100037AEF /* UVChannelFeedPresenterTests.m */ = {isa = PBXFileReference; fileEncoding = 4; lastKnownFileType = sourcecode.c.objc; path = UVChannelFeedPresenterTests.m; sourceTree = "<group>"; };
		7362CAC525A24D4100037AEF /* UIApplicationMock.m */ = {isa = PBXFileReference; fileEncoding = 4; lastKnownFileType = sourcecode.c.objc; path = UIApplicationMock.m; sourceTree = "<group>"; };
		7362CAC625A24D4100037AEF /* UIApplicationMock.h */ = {isa = PBXFileReference; fileEncoding = 4; lastKnownFileType = sourcecode.c.h; path = UIApplicationMock.h; sourceTree = "<group>"; };
		7362CACB25A24D4100037AEF /* MockParser.h */ = {isa = PBXFileReference; fileEncoding = 4; lastKnownFileType = sourcecode.c.h; path = MockParser.h; sourceTree = "<group>"; };
		7362CACC25A24D4100037AEF /* MockParser.m */ = {isa = PBXFileReference; fileEncoding = 4; lastKnownFileType = sourcecode.c.objc; path = MockParser.m; sourceTree = "<group>"; };
		7362CACE25A24D4100037AEF /* UVChannelFeedViewMock.m */ = {isa = PBXFileReference; fileEncoding = 4; lastKnownFileType = sourcecode.c.objc; path = UVChannelFeedViewMock.m; sourceTree = "<group>"; };
		7362CACF25A24D4100037AEF /* UVChannelFeedViewMock.h */ = {isa = PBXFileReference; fileEncoding = 4; lastKnownFileType = sourcecode.c.h; path = UVChannelFeedViewMock.h; sourceTree = "<group>"; };
		7362CAD125A24D4100037AEF /* UVNetworkMock.m */ = {isa = PBXFileReference; fileEncoding = 4; lastKnownFileType = sourcecode.c.objc; path = UVNetworkMock.m; sourceTree = "<group>"; };
		7362CAD225A24D4100037AEF /* UVNetworkMock.h */ = {isa = PBXFileReference; fileEncoding = 4; lastKnownFileType = sourcecode.c.h; path = UVNetworkMock.h; sourceTree = "<group>"; };
		7362CAD425A24D4100037AEF /* tutbyfeed.xml */ = {isa = PBXFileReference; fileEncoding = 4; lastKnownFileType = text.xml; path = tutbyfeed.xml; sourceTree = "<group>"; };
		7362CAED25A24DFB00037AEF /* UVSourceManagerMock.h */ = {isa = PBXFileReference; lastKnownFileType = sourcecode.c.h; path = UVSourceManagerMock.h; sourceTree = "<group>"; };
		7362CAEE25A24DFB00037AEF /* UVSourceManagerMock.m */ = {isa = PBXFileReference; lastKnownFileType = sourcecode.c.objc; path = UVSourceManagerMock.m; sourceTree = "<group>"; };
		7362CAF725A24FD800037AEF /* UVDataRecognizerMock.h */ = {isa = PBXFileReference; lastKnownFileType = sourcecode.c.h; path = UVDataRecognizerMock.h; sourceTree = "<group>"; };
		7362CAF825A24FD800037AEF /* UVDataRecognizerMock.m */ = {isa = PBXFileReference; lastKnownFileType = sourcecode.c.objc; path = UVDataRecognizerMock.m; sourceTree = "<group>"; };
		7381CCA425EC2DA8001EF1DD /* UITableViewCell+Util.h */ = {isa = PBXFileReference; lastKnownFileType = sourcecode.c.h; path = "UITableViewCell+Util.h"; sourceTree = "<group>"; };
		7381CCA525EC2DA8001EF1DD /* UITableViewCell+Util.m */ = {isa = PBXFileReference; lastKnownFileType = sourcecode.c.objc; path = "UITableViewCell+Util.m"; sourceTree = "<group>"; };
		738F68A425E4F8E90073657C /* UVDebugViewController.h */ = {isa = PBXFileReference; lastKnownFileType = sourcecode.c.h; path = UVDebugViewController.h; sourceTree = "<group>"; };
		738F68A525E4F8E90073657C /* UVDebugViewController.m */ = {isa = PBXFileReference; lastKnownFileType = sourcecode.c.objc; path = UVDebugViewController.m; sourceTree = "<group>"; };
		738F68AE25E4F99B0073657C /* UVDebug.h */ = {isa = PBXFileReference; lastKnownFileType = sourcecode.c.h; path = UVDebug.h; sourceTree = "<group>"; };
		739956AF25A9A47A003FD39C /* UVSourceManagerTests.m */ = {isa = PBXFileReference; lastKnownFileType = sourcecode.c.objc; path = UVSourceManagerTests.m; sourceTree = "<group>"; };
		739956B525A9A5FE003FD39C /* UVPlistRepositoryMock.h */ = {isa = PBXFileReference; lastKnownFileType = sourcecode.c.h; path = UVPlistRepositoryMock.h; sourceTree = "<group>"; };
		739956B625A9A5FE003FD39C /* UVPlistRepositoryMock.m */ = {isa = PBXFileReference; lastKnownFileType = sourcecode.c.objc; path = UVPlistRepositoryMock.m; sourceTree = "<group>"; };
		739956BF25A9ABD2003FD39C /* NSUserDefaultsMock.h */ = {isa = PBXFileReference; lastKnownFileType = sourcecode.c.h; path = NSUserDefaultsMock.h; sourceTree = "<group>"; };
		739956C025A9ABD2003FD39C /* NSUserDefaultsMock.m */ = {isa = PBXFileReference; lastKnownFileType = sourcecode.c.objc; path = NSUserDefaultsMock.m; sourceTree = "<group>"; };
		CA0A2BEF2577B4C1003EC17A /* NSString+Util.m */ = {isa = PBXFileReference; fileEncoding = 4; lastKnownFileType = sourcecode.c.objc; path = "NSString+Util.m"; sourceTree = "<group>"; };
		CA0A2BF02577B4C1003EC17A /* NSString+Util.h */ = {isa = PBXFileReference; fileEncoding = 4; lastKnownFileType = sourcecode.c.h; path = "NSString+Util.h"; sourceTree = "<group>"; };
		CA0AE68425D5557E00747528 /* UIImage+AppIcons.m */ = {isa = PBXFileReference; fileEncoding = 4; lastKnownFileType = sourcecode.c.objc; path = "UIImage+AppIcons.m"; sourceTree = "<group>"; };
		CA0AE68525D5557E00747528 /* UIImage+AppIcons.h */ = {isa = PBXFileReference; fileEncoding = 4; lastKnownFileType = sourcecode.c.h; path = "UIImage+AppIcons.h"; sourceTree = "<group>"; };
		CA0AE6AF25D5561600747528 /* AppIcons.h */ = {isa = PBXFileReference; fileEncoding = 4; lastKnownFileType = sourcecode.c.h; path = AppIcons.h; sourceTree = "<group>"; };
		CA0AE6D125D55D3900747528 /* ReachabilityType.h */ = {isa = PBXFileReference; lastKnownFileType = sourcecode.c.h; path = ReachabilityType.h; sourceTree = "<group>"; };
		CA0AE6D225D55D4200747528 /* Reachability.h */ = {isa = PBXFileReference; lastKnownFileType = sourcecode.c.h; path = Reachability.h; sourceTree = "<group>"; };
		CA0AE6D325D55D4200747528 /* Reachability.m */ = {isa = PBXFileReference; lastKnownFileType = sourcecode.c.objc; path = Reachability.m; sourceTree = "<group>"; };
		CA1090712590E5D300579204 /* NSArray+Util.h */ = {isa = PBXFileReference; lastKnownFileType = sourcecode.c.h; path = "NSArray+Util.h"; sourceTree = "<group>"; };
		CA1090722590E5D300579204 /* NSArray+Util.m */ = {isa = PBXFileReference; lastKnownFileType = sourcecode.c.objc; path = "NSArray+Util.m"; sourceTree = "<group>"; };
		CA11C16325A5E82B002019F4 /* UVFeedItemDisplayModel.h */ = {isa = PBXFileReference; fileEncoding = 4; lastKnownFileType = sourcecode.c.h; path = UVFeedItemDisplayModel.h; sourceTree = "<group>"; };
		CA11C16A25A5EE50002019F4 /* UVFeedChannelDisplayModel.h */ = {isa = PBXFileReference; fileEncoding = 4; lastKnownFileType = sourcecode.c.h; path = UVFeedChannelDisplayModel.h; sourceTree = "<group>"; };
		CA11C18B25A5FCB6002019F4 /* UVSourcesListViewMock.h */ = {isa = PBXFileReference; lastKnownFileType = sourcecode.c.h; path = UVSourcesListViewMock.h; sourceTree = "<group>"; };
		CA11C18C25A5FCB6002019F4 /* UVSourcesListViewMock.m */ = {isa = PBXFileReference; lastKnownFileType = sourcecode.c.objc; path = UVSourcesListViewMock.m; sourceTree = "<group>"; };
		CA11C19A25A60630002019F4 /* UVFeedProviderTests.m */ = {isa = PBXFileReference; fileEncoding = 4; lastKnownFileType = sourcecode.c.objc; path = UVFeedProviderTests.m; sourceTree = "<group>"; };
		CA127D9725D69E5900AC67EA /* UVNavigationController.h */ = {isa = PBXFileReference; lastKnownFileType = sourcecode.c.h; path = UVNavigationController.h; sourceTree = "<group>"; };
		CA127D9825D69E5900AC67EA /* UVNavigationController.m */ = {isa = PBXFileReference; lastKnownFileType = sourcecode.c.objc; path = UVNavigationController.m; sourceTree = "<group>"; };
		CA131ACE259A2DEB0044D992 /* UVRSSLinkXMLParserType.h */ = {isa = PBXFileReference; lastKnownFileType = sourcecode.c.h; path = UVRSSLinkXMLParserType.h; sourceTree = "<group>"; };
		CA131ACF259A2DF50044D992 /* UVRSSLinkXMLParser.h */ = {isa = PBXFileReference; lastKnownFileType = sourcecode.c.h; path = UVRSSLinkXMLParser.h; sourceTree = "<group>"; };
		CA131AD0259A2DF50044D992 /* UVRSSLinkXMLParser.m */ = {isa = PBXFileReference; lastKnownFileType = sourcecode.c.objc; path = UVRSSLinkXMLParser.m; sourceTree = "<group>"; };
		CA1C9BCE257940A9002364C3 /* UIBarButtonItem+PrettiInitializable.h */ = {isa = PBXFileReference; lastKnownFileType = sourcecode.c.h; path = "UIBarButtonItem+PrettiInitializable.h"; sourceTree = "<group>"; };
		CA1C9BCF257940A9002364C3 /* UIBarButtonItem+PrettiInitializable.m */ = {isa = PBXFileReference; lastKnownFileType = sourcecode.c.objc; path = "UIBarButtonItem+PrettiInitializable.m"; sourceTree = "<group>"; };
		CA243AB82570E5D600B56A7B /* LocalConstants.h */ = {isa = PBXFileReference; lastKnownFileType = sourcecode.c.h; path = LocalConstants.h; sourceTree = "<group>"; };
		CA243AC325710D6F00B56A7B /* RSSError.h */ = {isa = PBXFileReference; lastKnownFileType = sourcecode.c.h; path = RSSError.h; sourceTree = "<group>"; };
		CA2BE098257F954400BC7749 /* RSSLink.m */ = {isa = PBXFileReference; lastKnownFileType = sourcecode.c.objc; path = RSSLink.m; sourceTree = "<group>"; };
		CA2BE0C0257FB03B00BC7749 /* UVDataRecognizerType.h */ = {isa = PBXFileReference; lastKnownFileType = sourcecode.c.h; path = UVDataRecognizerType.h; sourceTree = "<group>"; };
		CA2EF4CF257E5F64002452CA /* Settings.bundle */ = {isa = PBXFileReference; lastKnownFileType = "wrapper.plug-in"; path = Settings.bundle; sourceTree = "<group>"; };
		CA2EF4E3257E67DA002452CA /* UVDataRecognizer.h */ = {isa = PBXFileReference; lastKnownFileType = sourcecode.c.h; path = UVDataRecognizer.h; sourceTree = "<group>"; };
		CA2EF4E4257E67DA002452CA /* UVDataRecognizer.m */ = {isa = PBXFileReference; lastKnownFileType = sourcecode.c.objc; path = UVDataRecognizer.m; sourceTree = "<group>"; };
		CA2EF4FB257E7F19002452CA /* libxml2.tbd */ = {isa = PBXFileReference; lastKnownFileType = "sourcecode.text-based-dylib-definition"; name = libxml2.tbd; path = usr/lib/libxml2.tbd; sourceTree = SDKROOT; };
		CA4362FA25D5626D0082E44C /* UVPresentationFactoryType.h */ = {isa = PBXFileReference; fileEncoding = 4; lastKnownFileType = sourcecode.c.h; path = UVPresentationFactoryType.h; sourceTree = "<group>"; };
		CA4362FB25D5626D0082E44C /* UVPresentationBlockFactory.h */ = {isa = PBXFileReference; fileEncoding = 4; lastKnownFileType = sourcecode.c.h; path = UVPresentationBlockFactory.h; sourceTree = "<group>"; };
		CA4362FC25D5626D0082E44C /* UVPresentationBlockFactory.m */ = {isa = PBXFileReference; fileEncoding = 4; lastKnownFileType = sourcecode.c.objc; path = UVPresentationBlockFactory.m; sourceTree = "<group>"; };
		CA4362FE25D5626D0082E44C /* UVBasePresenter.m */ = {isa = PBXFileReference; fileEncoding = 4; lastKnownFileType = sourcecode.c.objc; path = UVBasePresenter.m; sourceTree = "<group>"; };
		CA4362FF25D5626D0082E44C /* UVBasePresenter.h */ = {isa = PBXFileReference; fileEncoding = 4; lastKnownFileType = sourcecode.c.h; path = UVBasePresenter.h; sourceTree = "<group>"; };
		CA43630125D5626D0082E44C /* UVBaseViewController.h */ = {isa = PBXFileReference; fileEncoding = 4; lastKnownFileType = sourcecode.c.h; path = UVBaseViewController.h; sourceTree = "<group>"; };
		CA43630225D5626D0082E44C /* UVBaseViewController.m */ = {isa = PBXFileReference; fileEncoding = 4; lastKnownFileType = sourcecode.c.objc; path = UVBaseViewController.m; sourceTree = "<group>"; };
		CA43630425D5626D0082E44C /* UVAppCoordinator.m */ = {isa = PBXFileReference; fileEncoding = 4; lastKnownFileType = sourcecode.c.objc; path = UVAppCoordinator.m; sourceTree = "<group>"; };
		CA43630525D5626D0082E44C /* UVCoordinatorType.h */ = {isa = PBXFileReference; fileEncoding = 4; lastKnownFileType = sourcecode.c.h; path = UVCoordinatorType.h; sourceTree = "<group>"; };
		CA43630625D5626D0082E44C /* UVAppCoordinator.h */ = {isa = PBXFileReference; fileEncoding = 4; lastKnownFileType = sourcecode.c.h; path = UVAppCoordinator.h; sourceTree = "<group>"; };
		CA43630825D5626D0082E44C /* UVSearchViewControllerDelegate.h */ = {isa = PBXFileReference; fileEncoding = 4; lastKnownFileType = sourcecode.c.h; path = UVSearchViewControllerDelegate.h; sourceTree = "<group>"; };
		CA43630925D5626D0082E44C /* UVSearchViewController.h */ = {isa = PBXFileReference; fileEncoding = 4; lastKnownFileType = sourcecode.c.h; path = UVSearchViewController.h; sourceTree = "<group>"; };
		CA43630A25D5626D0082E44C /* UVSearchViewController.m */ = {isa = PBXFileReference; fileEncoding = 4; lastKnownFileType = sourcecode.c.objc; path = UVSearchViewController.m; sourceTree = "<group>"; };
		CA43630C25D5626D0082E44C /* UVBaseViewType.h */ = {isa = PBXFileReference; fileEncoding = 4; lastKnownFileType = sourcecode.c.h; path = UVBaseViewType.h; sourceTree = "<group>"; };
		CA43631D25D562AB0082E44C /* UVChannelSourceListPresenter.h */ = {isa = PBXFileReference; fileEncoding = 4; lastKnownFileType = sourcecode.c.h; path = UVChannelSourceListPresenter.h; sourceTree = "<group>"; };
		CA43631E25D562AB0082E44C /* UVChannelSourceListPresenter.m */ = {isa = PBXFileReference; fileEncoding = 4; lastKnownFileType = sourcecode.c.objc; path = UVChannelSourceListPresenter.m; sourceTree = "<group>"; };
		CA43631F25D562AB0082E44C /* UVChannelSourceListPresenterType.h */ = {isa = PBXFileReference; fileEncoding = 4; lastKnownFileType = sourcecode.c.h; path = UVChannelSourceListPresenterType.h; sourceTree = "<group>"; };
		CA43632125D562AB0082E44C /* UVChannelSourceListViewController.h */ = {isa = PBXFileReference; fileEncoding = 4; lastKnownFileType = sourcecode.c.h; path = UVChannelSourceListViewController.h; sourceTree = "<group>"; };
		CA43632225D562AB0082E44C /* UVChannelSourceListViewController.m */ = {isa = PBXFileReference; fileEncoding = 4; lastKnownFileType = sourcecode.c.objc; path = UVChannelSourceListViewController.m; sourceTree = "<group>"; };
		CA43632325D562AB0082E44C /* UVChannelSourceListViewType.h */ = {isa = PBXFileReference; fileEncoding = 4; lastKnownFileType = sourcecode.c.h; path = UVChannelSourceListViewType.h; sourceTree = "<group>"; };
		CA43634B25D564DC0082E44C /* UVChannelSearchViewController.h */ = {isa = PBXFileReference; lastKnownFileType = sourcecode.c.h; name = UVChannelSearchViewController.h; path = Presentation/ChannelSearch/View/UVChannelSearchViewController.h; sourceTree = "<group>"; };
		CA43634C25D564DC0082E44C /* UVChannelSearchViewController.m */ = {isa = PBXFileReference; lastKnownFileType = sourcecode.c.objc; name = UVChannelSearchViewController.m; path = Presentation/ChannelSearch/View/UVChannelSearchViewController.m; sourceTree = "<group>"; };
		CA43635425D564F20082E44C /* UVChannelSearchViewType.h */ = {isa = PBXFileReference; lastKnownFileType = sourcecode.c.h; name = UVChannelSearchViewType.h; path = Presentation/ChannelSearch/View/UVChannelSearchViewType.h; sourceTree = "<group>"; };
		CA43635525D565040082E44C /* UVChannelSearchPresenter.h */ = {isa = PBXFileReference; lastKnownFileType = sourcecode.c.h; name = UVChannelSearchPresenter.h; path = Presentation/ChannelSearch/Presenter/UVChannelSearchPresenter.h; sourceTree = "<group>"; };
		CA43635625D565040082E44C /* UVChannelSearchPresenter.m */ = {isa = PBXFileReference; lastKnownFileType = sourcecode.c.objc; name = UVChannelSearchPresenter.m; path = Presentation/ChannelSearch/Presenter/UVChannelSearchPresenter.m; sourceTree = "<group>"; };
		CA43635E25D565130082E44C /* UVChannelSearchPresenterType.h */ = {isa = PBXFileReference; lastKnownFileType = sourcecode.c.h; name = UVChannelSearchPresenterType.h; path = Presentation/ChannelSearch/Presenter/UVChannelSearchPresenterType.h; sourceTree = "<group>"; };
		CA59DCD525EF7DDA005356E7 /* UVChannelDoneListPresenter.h */ = {isa = PBXFileReference; lastKnownFileType = sourcecode.c.h; path = UVChannelDoneListPresenter.h; sourceTree = "<group>"; };
		CA59DCD625EF7DDA005356E7 /* UVChannelDoneListPresenter.m */ = {isa = PBXFileReference; lastKnownFileType = sourcecode.c.objc; path = UVChannelDoneListPresenter.m; sourceTree = "<group>"; };
		CA59DCDB25EF7DEA005356E7 /* UVChannelDoneListViewController.h */ = {isa = PBXFileReference; lastKnownFileType = sourcecode.c.h; path = UVChannelDoneListViewController.h; sourceTree = "<group>"; };
		CA59DCDC25EF7DEA005356E7 /* UVChannelDoneListViewController.m */ = {isa = PBXFileReference; lastKnownFileType = sourcecode.c.objc; path = UVChannelDoneListViewController.m; sourceTree = "<group>"; };
		CA59DCE125EF7DF1005356E7 /* UVChannelDoneListPresenterType.h */ = {isa = PBXFileReference; lastKnownFileType = sourcecode.c.h; path = UVChannelDoneListPresenterType.h; sourceTree = "<group>"; };
		CA59DCE225EF7DFB005356E7 /* UVChannelDoneListViewType.h */ = {isa = PBXFileReference; lastKnownFileType = sourcecode.c.h; path = UVChannelDoneListViewType.h; sourceTree = "<group>"; };
		CA59DCEC25EF8C91005356E7 /* UVRSSItemState.h */ = {isa = PBXFileReference; lastKnownFileType = sourcecode.c.h; path = UVRSSItemState.h; sourceTree = "<group>"; };
		CA69671A25E92A5E00595123 /* UVChannelSourceTableViewCell.h */ = {isa = PBXFileReference; lastKnownFileType = sourcecode.c.h; path = UVChannelSourceTableViewCell.h; sourceTree = "<group>"; };
		CA69671B25E92A5E00595123 /* UVChannelSourceTableViewCell.m */ = {isa = PBXFileReference; lastKnownFileType = sourcecode.c.objc; path = UVChannelSourceTableViewCell.m; sourceTree = "<group>"; };
		CA7D975B25A4B776009CBD9B /* UVSourcesListPresenterTests.m */ = {isa = PBXFileReference; lastKnownFileType = sourcecode.c.objc; path = UVSourcesListPresenterTests.m; sourceTree = "<group>"; };
		CAB1610E25DA8B2D0036B93D /* UVFeedParserType.h */ = {isa = PBXFileReference; fileEncoding = 4; lastKnownFileType = sourcecode.c.h; path = UVFeedParserType.h; sourceTree = "<group>"; };
		CAB1610F25DA8B2D0036B93D /* UVFeedXMLParser.h */ = {isa = PBXFileReference; fileEncoding = 4; lastKnownFileType = sourcecode.c.h; path = UVFeedXMLParser.h; sourceTree = "<group>"; };
		CAB1611025DA8B2D0036B93D /* UVFeedXMLParser.m */ = {isa = PBXFileReference; fileEncoding = 4; lastKnownFileType = sourcecode.c.objc; path = UVFeedXMLParser.m; sourceTree = "<group>"; };
		CAB1612825DAA2FF0036B93D /* UVChannelWebItemPresenter.m */ = {isa = PBXFileReference; fileEncoding = 4; lastKnownFileType = sourcecode.c.objc; path = UVChannelWebItemPresenter.m; sourceTree = "<group>"; };
		CAB1612925DAA2FF0036B93D /* UVChannelWebItemPresenterType.h */ = {isa = PBXFileReference; fileEncoding = 4; lastKnownFileType = sourcecode.c.h; path = UVChannelWebItemPresenterType.h; sourceTree = "<group>"; };
		CAB1612A25DAA2FF0036B93D /* UVChannelWebItemPresenter.h */ = {isa = PBXFileReference; fileEncoding = 4; lastKnownFileType = sourcecode.c.h; path = UVChannelWebItemPresenter.h; sourceTree = "<group>"; };
		CAB1612C25DAA2FF0036B93D /* UVChannelWebItemViewType.h */ = {isa = PBXFileReference; fileEncoding = 4; lastKnownFileType = sourcecode.c.h; path = UVChannelWebItemViewType.h; sourceTree = "<group>"; };
		CAB1613425DAA31B0036B93D /* UVChannelWebItemViewController.h */ = {isa = PBXFileReference; lastKnownFileType = sourcecode.c.h; path = UVChannelWebItemViewController.h; sourceTree = "<group>"; };
		CAB1613525DAA31B0036B93D /* UVChannelWebItemViewController.m */ = {isa = PBXFileReference; lastKnownFileType = sourcecode.c.objc; path = UVChannelWebItemViewController.m; sourceTree = "<group>"; };
		CAB1614325DAC50E0036B93D /* UVPresentationBlocks.h */ = {isa = PBXFileReference; lastKnownFileType = sourcecode.c.h; path = UVPresentationBlocks.h; sourceTree = "<group>"; };
		CAF30C2425701736004A925D /* UIViewController+Util.h */ = {isa = PBXFileReference; fileEncoding = 4; lastKnownFileType = sourcecode.c.h; path = "UIViewController+Util.h"; sourceTree = "<group>"; };
		CAF30C2525701736004A925D /* UIViewController+Util.m */ = {isa = PBXFileReference; fileEncoding = 4; lastKnownFileType = sourcecode.c.objc; path = "UIViewController+Util.m"; sourceTree = "<group>"; };
		CAF8182B25DA8A860057EB50 /* UVFeedManager.h */ = {isa = PBXFileReference; lastKnownFileType = sourcecode.c.h; path = UVFeedManager.h; sourceTree = "<group>"; };
		CAF8182C25DA8A860057EB50 /* UVFeedManager.m */ = {isa = PBXFileReference; lastKnownFileType = sourcecode.c.objc; path = UVFeedManager.m; sourceTree = "<group>"; };
		CAF8183125DA8A970057EB50 /* UVFeedManagerType.h */ = {isa = PBXFileReference; lastKnownFileType = sourcecode.c.h; path = UVFeedManagerType.h; sourceTree = "<group>"; };
		CAFBBEAE25878B940000C272 /* RSSLink.h */ = {isa = PBXFileReference; fileEncoding = 4; lastKnownFileType = sourcecode.c.h; path = RSSLink.h; sourceTree = "<group>"; };
		CAFBBEB9258795330000C272 /* UVRSSLinkViewModel.h */ = {isa = PBXFileReference; lastKnownFileType = sourcecode.c.h; path = UVRSSLinkViewModel.h; sourceTree = "<group>"; };
		CAFBBEC82587B63D0000C272 /* UVSourceManager.h */ = {isa = PBXFileReference; lastKnownFileType = sourcecode.c.h; path = UVSourceManager.h; sourceTree = "<group>"; };
		CAFBBEC92587B63D0000C272 /* UVSourceManager.m */ = {isa = PBXFileReference; lastKnownFileType = sourcecode.c.objc; path = UVSourceManager.m; sourceTree = "<group>"; };
		CAFBBECE2587B64F0000C272 /* UVSourceManagerType.h */ = {isa = PBXFileReference; lastKnownFileType = sourcecode.c.h; path = UVSourceManagerType.h; sourceTree = "<group>"; };
/* End PBXFileReference section */

/* Begin PBXFrameworksBuildPhase section */
		2B19036A2563FE16006D755E /* Frameworks */ = {
			isa = PBXFrameworksBuildPhase;
			buildActionMask = 2147483647;
			files = (
			);
			runOnlyForDeploymentPostprocessing = 0;
		};
		2B1903852563FE17006D755E /* Frameworks */ = {
			isa = PBXFrameworksBuildPhase;
			buildActionMask = 2147483647;
			files = (
			);
			runOnlyForDeploymentPostprocessing = 0;
		};
		2B1903902563FE17006D755E /* Frameworks */ = {
			isa = PBXFrameworksBuildPhase;
			buildActionMask = 2147483647;
			files = (
			);
			runOnlyForDeploymentPostprocessing = 0;
		};
/* End PBXFrameworksBuildPhase section */

/* Begin PBXGroup section */
		2B1903642563FE16006D755E = {
			isa = PBXGroup;
			children = (
				2B19036F2563FE16006D755E /* rss-reader */,
				2B19038B2563FE17006D755E /* rss-readerTests */,
				2B1903962563FE17006D755E /* rss-readerUITests */,
				2B19036E2563FE16006D755E /* Products */,
				CA2EF4FA257E7F19002452CA /* Frameworks */,
			);
			sourceTree = "<group>";
		};
		2B19036E2563FE16006D755E /* Products */ = {
			isa = PBXGroup;
			children = (
				2B19036D2563FE16006D755E /* rss-reader.app */,
				2B1903882563FE17006D755E /* rss-readerTests.xctest */,
				2B1903932563FE17006D755E /* rss-readerUITests.xctest */,
			);
			name = Products;
			sourceTree = "<group>";
		};
		2B19036F2563FE16006D755E /* rss-reader */ = {
			isa = PBXGroup;
			children = (
				738F68A225E4F8BC0073657C /* Debug Area */,
				2BBE8E5E256D393600B31BC5 /* Extension */,
				2B1903BE2563FEE9006D755E /* Model */,
				2B1903B52563FEC5006D755E /* Presentation */,
				2B1903B12563FE9D006D755E /* Application */,
				2B1903812563FE17006D755E /* Info.plist */,
			);
			path = "rss-reader";
			sourceTree = "<group>";
		};
		2B19038B2563FE17006D755E /* rss-readerTests */ = {
			isa = PBXGroup;
			children = (
				7362CABB25A24D4100037AEF /* Factory */,
				7362CAC325A24D4100037AEF /* Mock */,
				7362CAD325A24D4100037AEF /* Resources */,
				7362CABF25A24D4100037AEF /* Test */,
				7362CAB625A24D4100037AEF /* Util */,
				2B19038E2563FE17006D755E /* Info.plist */,
			);
			path = "rss-readerTests";
			sourceTree = "<group>";
		};
		2B1903962563FE17006D755E /* rss-readerUITests */ = {
			isa = PBXGroup;
			children = (
				2B1903972563FE17006D755E /* rss_readerUITests.m */,
				2B1903992563FE17006D755E /* Info.plist */,
			);
			path = "rss-readerUITests";
			sourceTree = "<group>";
		};
		2B1903B12563FE9D006D755E /* Application */ = {
			isa = PBXGroup;
			children = (
				CA243AC225710D2F00B56A7B /* Collections */,
				CA243AB72570E5C100B56A7B /* Constants */,
				2BF48F6A256E99EF007A81E0 /* Localization */,
				2B1903822563FE17006D755E /* main.m */,
				2B1903702563FE16006D755E /* AppDelegate.h */,
				2B1903712563FE16006D755E /* AppDelegate.m */,
				2B19037C2563FE17006D755E /* Assets.xcassets */,
				CA2EF4CF257E5F64002452CA /* Settings.bundle */,
			);
			path = Application;
			sourceTree = "<group>";
		};
		2B1903B52563FEC5006D755E /* Presentation */ = {
			isa = PBXGroup;
			children = (
				7372582C25EF756A0042E4C3 /* ChannelDoneList */,
				735AB151258BA4DA001ADB10 /* Stuff */,
				CAB1612625DAA2FF0036B93D /* ChannelWebItem */,
				CA43631B25D562AB0082E44C /* ChannelSourceList */,
				CA0AE6DB25D55F3E00747528 /* ChannelSearch */,
				CA2BE0AE257FAEBB00BC7749 /* ChannelFeed */,
			);
			name = Presentation;
			sourceTree = "<group>";
		};
		2B1903B62563FECD006D755E /* View */ = {
			isa = PBXGroup;
			children = (
				2BBE8E32256D37CE00B31BC5 /* UVChannelFeedViewType.h */,
				2BBE8E30256D37CE00B31BC5 /* UVChannelFeedViewController.h */,
				2BBE8E31256D37CE00B31BC5 /* UVChannelFeedViewController.m */,
				2B6539F725653DE5008A76A3 /* Cell */,
			);
			name = View;
			sourceTree = "<group>";
		};
		2B1903BD2563FEE4006D755E /* Presenter */ = {
			isa = PBXGroup;
			children = (
				7351C6F925A11F4900378AB2 /* UVChannelFeedPresenterType.h */,
				2BBE8E1D256D37A400B31BC5 /* UVChannelFeedPresenter.h */,
				2BBE8E1C256D37A400B31BC5 /* UVChannelFeedPresenter.m */,
			);
			name = Presenter;
			sourceTree = "<group>";
		};
		2B1903BE2563FEE9006D755E /* Model */ = {
			isa = PBXGroup;
			children = (
				CAF8182A25DA8A770057EB50 /* FeedManager */,
				7351C6ED25A11F1D00378AB2 /* Network */,
				CAFBBEC72587B62E0000C272 /* SourceManager */,
				CA2EF4E2257E67C2002452CA /* DataRecognizer */,
				2B653A0125654ED6008A76A3 /* Entity */,
			);
			path = Model;
			sourceTree = "<group>";
		};
		2B1903DD25640694006D755E /* FeedItem */ = {
			isa = PBXGroup;
			children = (
				CA11C16325A5E82B002019F4 /* UVFeedItemDisplayModel.h */,
				7351C6DA25A11EEF00378AB2 /* UVRSSFeedItem.h */,
				7351C6DD25A11EEF00378AB2 /* UVRSSFeedItem.m */,
				7351C6DC25A11EEF00378AB2 /* UVFeedItemKeys.h */,
			);
			path = FeedItem;
			sourceTree = "<group>";
		};
		2B1903E425640866006D755E /* Parser */ = {
			isa = PBXGroup;
			children = (
				CA131ABC259A2D660044D992 /* FullParser */,
				CA131ABD259A2D6E0044D992 /* ShortParser */,
			);
			path = Parser;
			sourceTree = "<group>";
		};
		2B53014C256E42F000E82D56 /* NSDateFormatter */ = {
			isa = PBXGroup;
			children = (
				2B53014D256E430200E82D56 /* NSDateFormatter+FormatInitializable.h */,
				2B53014E256E430200E82D56 /* NSDateFormatter+FormatInitializable.m */,
			);
			path = NSDateFormatter;
			sourceTree = "<group>";
		};
		2B6539F725653DE5008A76A3 /* Cell */ = {
			isa = PBXGroup;
			children = (
				7351C70A25A11FD600378AB2 /* UVFeedTableViewCell.h */,
				7351C70925A11FD600378AB2 /* UVFeedTableViewCell.m */,
			);
			name = Cell;
			sourceTree = "<group>";
		};
		2B653A0125654ED6008A76A3 /* Entity */ = {
			isa = PBXGroup;
			children = (
				CA2BE096257F952800BC7749 /* RSSLink */,
				2B653A0225654EDD008A76A3 /* Channel */,
				2B1903DD25640694006D755E /* FeedItem */,
			);
			path = Entity;
			sourceTree = "<group>";
		};
		2B653A0225654EDD008A76A3 /* Channel */ = {
			isa = PBXGroup;
			children = (
				7351C6E525A11F0700378AB2 /* UVRSSFeed.h */,
				7351C6E725A11F0700378AB2 /* UVRSSFeed.m */,
				7351C6E825A11F0700378AB2 /* UVFeedChannelKeys.h */,
				CA11C16A25A5EE50002019F4 /* UVFeedChannelDisplayModel.h */,
			);
			path = Channel;
			sourceTree = "<group>";
		};
		2BBE8E5E256D393600B31BC5 /* Extension */ = {
			isa = PBXGroup;
			children = (
				7381CCA325EC2D54001EF1DD /* UITableViewCell */,
				CA0AE68325D5557E00747528 /* UIImage */,
				CA1090702590E5B400579204 /* NSArray */,
				CA1C9BCD25794091002364C3 /* UIBarButtonItem */,
				CA0A2BEE2577B4C1003EC17A /* NSString */,
				CAF30C2325701736004A925D /* UIViewController */,
				2B53014C256E42F000E82D56 /* NSDateFormatter */,
				2BBE8E7D256D445600B31BC5 /* NSXMLParser */,
				2BBE8E5F256D393E00B31BC5 /* NSDate */,
			);
			path = Extension;
			sourceTree = "<group>";
		};
		2BBE8E5F256D393E00B31BC5 /* NSDate */ = {
			isa = PBXGroup;
			children = (
				2BBE8E60256D395500B31BC5 /* NSDate+StringConvertible.h */,
				2BBE8E61256D395500B31BC5 /* NSDate+StringConvertible.m */,
			);
			path = NSDate;
			sourceTree = "<group>";
		};
		2BBE8E7D256D445600B31BC5 /* NSXMLParser */ = {
			isa = PBXGroup;
			children = (
				2BBE8E7E256D446A00B31BC5 /* NSXMLParser+DelegateInitializable.h */,
				2BBE8E7F256D446A00B31BC5 /* NSXMLParser+DelegateInitializable.m */,
			);
			path = NSXMLParser;
			sourceTree = "<group>";
		};
		2BF48F6A256E99EF007A81E0 /* Localization */ = {
			isa = PBXGroup;
			children = (
				2BF48FA0256E9B85007A81E0 /* Localizable.strings */,
			);
			path = Localization;
			sourceTree = "<group>";
		};
		734AEE732591E8E700CE5716 /* Repository */ = {
			isa = PBXGroup;
			children = (
				734AEE7B2591EE4D00CE5716 /* Type */,
				734AEE7C2591EE6800CE5716 /* UVPropertyListConvertible.h */,
				734AEE742591E8FD00CE5716 /* UVSourceRepository.h */,
				734AEE752591E8FD00CE5716 /* UVSourceRepository.m */,
			);
			path = Repository;
			sourceTree = "<group>";
		};
		734AEE7B2591EE4D00CE5716 /* Type */ = {
			isa = PBXGroup;
			children = (
				734AEE7A2591E90E00CE5716 /* UVPListRepositoryType.h */,
			);
			path = Type;
			sourceTree = "<group>";
		};
		7351C6ED25A11F1D00378AB2 /* Network */ = {
			isa = PBXGroup;
			children = (
				CA0AE6D025D55D2800747528 /* Reachability */,
				7351C6F025A11F1D00378AB2 /* UVNetworkType.h */,
				7351C6EE25A11F1D00378AB2 /* UVNetwork.h */,
				7351C6EF25A11F1D00378AB2 /* UVNetwork.m */,
			);
			path = Network;
			sourceTree = "<group>";
		};
		7356666C25A8693600FB8902 /* UVFeedParser */ = {
			isa = PBXGroup;
			children = (
				7356666D25A8694D00FB8902 /* UVFeedParserMock.h */,
				7356666E25A8694D00FB8902 /* UVFeedParserMock.m */,
			);
			path = UVFeedParser;
			sourceTree = "<group>";
		};
		7356668225A87AD300FB8902 /* UVRSSLinkXMLParser */ = {
			isa = PBXGroup;
			children = (
				7356668325A87ADD00FB8902 /* UVRSSLinkXMLParserMock.h */,
				7356668425A87ADD00FB8902 /* UVRSSLinkXMLParserMock.m */,
			);
			path = UVRSSLinkXMLParser;
			sourceTree = "<group>";
		};
		735AB151258BA4DA001ADB10 /* Stuff */ = {
			isa = PBXGroup;
			children = (
				CA127D9625D69E4200AC67EA /* UVNavigationController */,
				CA4362FD25D5626D0082E44C /* BasePresenter */,
				CA43630B25D5626D0082E44C /* BaseView */,
				CA43630025D5626D0082E44C /* BaseViewController */,
				CA43630325D5626D0082E44C /* Coordinator */,
				CA4362F925D5626D0082E44C /* PresentationFactory */,
				CA43630725D5626D0082E44C /* SearchController */,
			);
			name = Stuff;
			sourceTree = "<group>";
		};
		7362CAB625A24D4100037AEF /* Util */ = {
			isa = PBXGroup;
			children = (
				7362CAB725A24D4100037AEF /* SwissKnife */,
			);
			path = Util;
			sourceTree = "<group>";
		};
		7362CAB725A24D4100037AEF /* SwissKnife */ = {
			isa = PBXGroup;
			children = (
				7362CAB925A24D4100037AEF /* SwissKnife.h */,
				7362CAB825A24D4100037AEF /* SwissKnife.m */,
			);
			path = SwissKnife;
			sourceTree = "<group>";
		};
		7362CABB25A24D4100037AEF /* Factory */ = {
			isa = PBXGroup;
			children = (
				7362CABC25A24D4100037AEF /* RSSFeed */,
			);
			path = Factory;
			sourceTree = "<group>";
		};
		7362CABC25A24D4100037AEF /* RSSFeed */ = {
			isa = PBXGroup;
			children = (
				7362CABE25A24D4100037AEF /* RSSDataFactory.h */,
				7362CABD25A24D4100037AEF /* RSSDataFactory.m */,
			);
			path = RSSFeed;
			sourceTree = "<group>";
		};
		7362CABF25A24D4100037AEF /* Test */ = {
			isa = PBXGroup;
			children = (
				CA11C19A25A60630002019F4 /* UVFeedProviderTests.m */,
				7362CAC125A24D4100037AEF /* UVFeedXMLParserTests.m */,
				7362CAC225A24D4100037AEF /* UVChannelFeedPresenterTests.m */,
				CA7D975B25A4B776009CBD9B /* UVSourcesListPresenterTests.m */,
				7356665725A8614A00FB8902 /* UVDataRecognizerTests.m */,
				7356668C25A880A600FB8902 /* UVRSSLinkXMLParserTests.m */,
				739956AF25A9A47A003FD39C /* UVSourceManagerTests.m */,
				7344475025A9D3FE00CDEA78 /* UVNetworkTests.m */,
			);
			path = Test;
			sourceTree = "<group>";
		};
		7362CAC325A24D4100037AEF /* Mock */ = {
			isa = PBXGroup;
			children = (
				739956BE25A9ABBF003FD39C /* NSUserDefaults */,
				739956B425A9A5EC003FD39C /* UVPlistRepository */,
				7356668225A87AD300FB8902 /* UVRSSLinkXMLParser */,
				7356666C25A8693600FB8902 /* UVFeedParser */,
				CA11C18A25A5FC9F002019F4 /* UVSourcesList */,
				7362CAF625A24FC700037AEF /* UVDataRecognizer */,
				7362CAEC25A24DE300037AEF /* UVSourceManager */,
				7362CAC425A24D4100037AEF /* UIApplication */,
				7362CACA25A24D4100037AEF /* Parser */,
				7362CACD25A24D4100037AEF /* UVFeedView */,
				7362CAD025A24D4100037AEF /* UVNetwork */,
			);
			path = Mock;
			sourceTree = "<group>";
		};
		7362CAC425A24D4100037AEF /* UIApplication */ = {
			isa = PBXGroup;
			children = (
				7362CAC525A24D4100037AEF /* UIApplicationMock.m */,
				7362CAC625A24D4100037AEF /* UIApplicationMock.h */,
			);
			path = UIApplication;
			sourceTree = "<group>";
		};
		7362CACA25A24D4100037AEF /* Parser */ = {
			isa = PBXGroup;
			children = (
				7362CACB25A24D4100037AEF /* MockParser.h */,
				7362CACC25A24D4100037AEF /* MockParser.m */,
			);
			path = Parser;
			sourceTree = "<group>";
		};
		7362CACD25A24D4100037AEF /* UVFeedView */ = {
			isa = PBXGroup;
			children = (
				7362CACF25A24D4100037AEF /* UVChannelFeedViewMock.h */,
				7362CACE25A24D4100037AEF /* UVChannelFeedViewMock.m */,
			);
			path = UVFeedView;
			sourceTree = "<group>";
		};
		7362CAD025A24D4100037AEF /* UVNetwork */ = {
			isa = PBXGroup;
			children = (
				7362CAD225A24D4100037AEF /* UVNetworkMock.h */,
				7362CAD125A24D4100037AEF /* UVNetworkMock.m */,
			);
			path = UVNetwork;
			sourceTree = "<group>";
		};
		7362CAD325A24D4100037AEF /* Resources */ = {
			isa = PBXGroup;
			children = (
				7362CAD425A24D4100037AEF /* tutbyfeed.xml */,
				7356665F25A866F400FB8902 /* tutby.html */,
				7356667A25A8783300FB8902 /* tutbynorss.html */,
			);
			path = Resources;
			sourceTree = "<group>";
		};
		7362CAEC25A24DE300037AEF /* UVSourceManager */ = {
			isa = PBXGroup;
			children = (
				7362CAED25A24DFB00037AEF /* UVSourceManagerMock.h */,
				7362CAEE25A24DFB00037AEF /* UVSourceManagerMock.m */,
			);
			path = UVSourceManager;
			sourceTree = "<group>";
		};
		7362CAF625A24FC700037AEF /* UVDataRecognizer */ = {
			isa = PBXGroup;
			children = (
				7362CAF725A24FD800037AEF /* UVDataRecognizerMock.h */,
				7362CAF825A24FD800037AEF /* UVDataRecognizerMock.m */,
			);
			path = UVDataRecognizer;
			sourceTree = "<group>";
		};
		7372582C25EF756A0042E4C3 /* ChannelDoneList */ = {
			isa = PBXGroup;
			children = (
				7372582E25EF75830042E4C3 /* Presenter */,
				7372582D25EF757E0042E4C3 /* View */,
			);
			path = ChannelDoneList;
			sourceTree = "<group>";
		};
		7372582D25EF757E0042E4C3 /* View */ = {
			isa = PBXGroup;
			children = (
				CA59DCE225EF7DFB005356E7 /* UVChannelDoneListViewType.h */,
				CA59DCDB25EF7DEA005356E7 /* UVChannelDoneListViewController.h */,
				CA59DCDC25EF7DEA005356E7 /* UVChannelDoneListViewController.m */,
			);
			path = View;
			sourceTree = "<group>";
		};
		7372582E25EF75830042E4C3 /* Presenter */ = {
			isa = PBXGroup;
			children = (
				CA59DCE125EF7DF1005356E7 /* UVChannelDoneListPresenterType.h */,
				CA59DCD525EF7DDA005356E7 /* UVChannelDoneListPresenter.h */,
				CA59DCD625EF7DDA005356E7 /* UVChannelDoneListPresenter.m */,
			);
			path = Presenter;
			sourceTree = "<group>";
		};
		7381CCA325EC2D54001EF1DD /* UITableViewCell */ = {
			isa = PBXGroup;
			children = (
				7381CCA425EC2DA8001EF1DD /* UITableViewCell+Util.h */,
				7381CCA525EC2DA8001EF1DD /* UITableViewCell+Util.m */,
			);
			path = UITableViewCell;
			sourceTree = "<group>";
		};
		738F68A225E4F8BC0073657C /* Debug Area */ = {
			isa = PBXGroup;
			children = (
				738F68AD25E4F9900073657C /* Headers */,
				738F68A325E4F8C20073657C /* Controller */,
			);
			path = "Debug Area";
			sourceTree = "<group>";
		};
		738F68A325E4F8C20073657C /* Controller */ = {
			isa = PBXGroup;
			children = (
				738F68A425E4F8E90073657C /* UVDebugViewController.h */,
				738F68A525E4F8E90073657C /* UVDebugViewController.m */,
			);
			path = Controller;
			sourceTree = "<group>";
		};
		738F68AD25E4F9900073657C /* Headers */ = {
			isa = PBXGroup;
			children = (
				738F68AE25E4F99B0073657C /* UVDebug.h */,
			);
			path = Headers;
			sourceTree = "<group>";
		};
		739956B425A9A5EC003FD39C /* UVPlistRepository */ = {
			isa = PBXGroup;
			children = (
				739956B525A9A5FE003FD39C /* UVPlistRepositoryMock.h */,
				739956B625A9A5FE003FD39C /* UVPlistRepositoryMock.m */,
			);
			path = UVPlistRepository;
			sourceTree = "<group>";
		};
		739956BE25A9ABBF003FD39C /* NSUserDefaults */ = {
			isa = PBXGroup;
			children = (
				739956BF25A9ABD2003FD39C /* NSUserDefaultsMock.h */,
				739956C025A9ABD2003FD39C /* NSUserDefaultsMock.m */,
			);
			path = NSUserDefaults;
			sourceTree = "<group>";
		};
		CA0A2BEE2577B4C1003EC17A /* NSString */ = {
			isa = PBXGroup;
			children = (
				CA0A2BF02577B4C1003EC17A /* NSString+Util.h */,
				CA0A2BEF2577B4C1003EC17A /* NSString+Util.m */,
			);
			path = NSString;
			sourceTree = "<group>";
		};
		CA0AE68325D5557E00747528 /* UIImage */ = {
			isa = PBXGroup;
			children = (
				CA0AE68525D5557E00747528 /* UIImage+AppIcons.h */,
				CA0AE68425D5557E00747528 /* UIImage+AppIcons.m */,
			);
			path = UIImage;
			sourceTree = "<group>";
		};
		CA0AE6D025D55D2800747528 /* Reachability */ = {
			isa = PBXGroup;
			children = (
				CA0AE6D125D55D3900747528 /* ReachabilityType.h */,
				CA0AE6D225D55D4200747528 /* Reachability.h */,
				CA0AE6D325D55D4200747528 /* Reachability.m */,
			);
			path = Reachability;
			sourceTree = "<group>";
		};
		CA0AE6DB25D55F3E00747528 /* ChannelSearch */ = {
			isa = PBXGroup;
			children = (
				CA43634A25D564580082E44C /* View */,
				CA0AE6DC25D55F4C00747528 /* Presenter */,
			);
			name = ChannelSearch;
			sourceTree = "<group>";
		};
		CA0AE6DC25D55F4C00747528 /* Presenter */ = {
			isa = PBXGroup;
			children = (
				CA43635E25D565130082E44C /* UVChannelSearchPresenterType.h */,
				CA43635525D565040082E44C /* UVChannelSearchPresenter.h */,
				CA43635625D565040082E44C /* UVChannelSearchPresenter.m */,
			);
			name = Presenter;
			sourceTree = "<group>";
		};
		CA1090702590E5B400579204 /* NSArray */ = {
			isa = PBXGroup;
			children = (
				CA1090712590E5D300579204 /* NSArray+Util.h */,
				CA1090722590E5D300579204 /* NSArray+Util.m */,
			);
			path = NSArray;
			sourceTree = "<group>";
		};
		CA11C18A25A5FC9F002019F4 /* UVSourcesList */ = {
			isa = PBXGroup;
			children = (
				CA11C18B25A5FCB6002019F4 /* UVSourcesListViewMock.h */,
				CA11C18C25A5FCB6002019F4 /* UVSourcesListViewMock.m */,
			);
			path = UVSourcesList;
			sourceTree = "<group>";
		};
		CA127D9625D69E4200AC67EA /* UVNavigationController */ = {
			isa = PBXGroup;
			children = (
				CA127D9725D69E5900AC67EA /* UVNavigationController.h */,
				CA127D9825D69E5900AC67EA /* UVNavigationController.m */,
			);
			path = UVNavigationController;
			sourceTree = "<group>";
		};
		CA131ABC259A2D660044D992 /* FullParser */ = {
			isa = PBXGroup;
			children = (
				CAB1610E25DA8B2D0036B93D /* UVFeedParserType.h */,
				CAB1610F25DA8B2D0036B93D /* UVFeedXMLParser.h */,
				CAB1611025DA8B2D0036B93D /* UVFeedXMLParser.m */,
			);
			path = FullParser;
			sourceTree = "<group>";
		};
		CA131ABD259A2D6E0044D992 /* ShortParser */ = {
			isa = PBXGroup;
			children = (
				CA131ACE259A2DEB0044D992 /* UVRSSLinkXMLParserType.h */,
				CA131ACF259A2DF50044D992 /* UVRSSLinkXMLParser.h */,
				CA131AD0259A2DF50044D992 /* UVRSSLinkXMLParser.m */,
			);
			path = ShortParser;
			sourceTree = "<group>";
		};
		CA1C9BCD25794091002364C3 /* UIBarButtonItem */ = {
			isa = PBXGroup;
			children = (
				CA1C9BCE257940A9002364C3 /* UIBarButtonItem+PrettiInitializable.h */,
				CA1C9BCF257940A9002364C3 /* UIBarButtonItem+PrettiInitializable.m */,
			);
			path = UIBarButtonItem;
			sourceTree = "<group>";
		};
		CA243AB72570E5C100B56A7B /* Constants */ = {
			isa = PBXGroup;
			children = (
				7351C71E25A1204A00378AB2 /* TagAttributeKeys.h */,
				7351C71D25A1204A00378AB2 /* TagKeys.h */,
				7351C71F25A1204A00378AB2 /* UVErrorDomain.h */,
				CA243AB82570E5D600B56A7B /* LocalConstants.h */,
				CA0AE6AF25D5561600747528 /* AppIcons.h */,
				7359A808259381D3008105A2 /* KeyConstants.h */,
				7357FF5F25ADEE370096D731 /* AtomKeys.h */,
				CAB1614325DAC50E0036B93D /* UVPresentationBlocks.h */,
			);
			path = Constants;
			sourceTree = "<group>";
		};
		CA243AC225710D2F00B56A7B /* Collections */ = {
			isa = PBXGroup;
			children = (
				CA243AC325710D6F00B56A7B /* RSSError.h */,
				CA59DCEC25EF8C91005356E7 /* UVRSSItemState.h */,
			);
			path = Collections;
			sourceTree = "<group>";
		};
		CA2BE096257F952800BC7749 /* RSSLink */ = {
			isa = PBXGroup;
			children = (
				CAFBBEAE25878B940000C272 /* RSSLink.h */,
				CA2BE098257F954400BC7749 /* RSSLink.m */,
				7346FF9025A32D5F00634829 /* UVRSSLinkKeys.h */,
				CAFBBEB9258795330000C272 /* UVRSSLinkViewModel.h */,
			);
			path = RSSLink;
			sourceTree = "<group>";
		};
		CA2BE0AE257FAEBB00BC7749 /* ChannelFeed */ = {
			isa = PBXGroup;
			children = (
				2B1903BD2563FEE4006D755E /* Presenter */,
				2B1903B62563FECD006D755E /* View */,
			);
			name = ChannelFeed;
			sourceTree = "<group>";
		};
		CA2EF4E2257E67C2002452CA /* DataRecognizer */ = {
			isa = PBXGroup;
			children = (
				2B1903E425640866006D755E /* Parser */,
				CA2BE0C0257FB03B00BC7749 /* UVDataRecognizerType.h */,
				CA2EF4E3257E67DA002452CA /* UVDataRecognizer.h */,
				CA2EF4E4257E67DA002452CA /* UVDataRecognizer.m */,
			);
			path = DataRecognizer;
			sourceTree = "<group>";
		};
		CA2EF4FA257E7F19002452CA /* Frameworks */ = {
			isa = PBXGroup;
			children = (
				CA2EF4FB257E7F19002452CA /* libxml2.tbd */,
			);
			name = Frameworks;
			sourceTree = "<group>";
		};
		CA4362F925D5626D0082E44C /* PresentationFactory */ = {
			isa = PBXGroup;
			children = (
				CA4362FA25D5626D0082E44C /* UVPresentationFactoryType.h */,
				CA4362FB25D5626D0082E44C /* UVPresentationBlockFactory.h */,
				CA4362FC25D5626D0082E44C /* UVPresentationBlockFactory.m */,
			);
			name = PresentationFactory;
			path = Presentation/Stuff/PresentationFactory;
			sourceTree = "<group>";
		};
		CA4362FD25D5626D0082E44C /* BasePresenter */ = {
			isa = PBXGroup;
			children = (
				CA4362FF25D5626D0082E44C /* UVBasePresenter.h */,
				CA4362FE25D5626D0082E44C /* UVBasePresenter.m */,
			);
			name = BasePresenter;
			path = Presentation/Stuff/BasePresenter;
			sourceTree = "<group>";
		};
		CA43630025D5626D0082E44C /* BaseViewController */ = {
			isa = PBXGroup;
			children = (
				CA43630125D5626D0082E44C /* UVBaseViewController.h */,
				CA43630225D5626D0082E44C /* UVBaseViewController.m */,
			);
			name = BaseViewController;
			path = Presentation/Stuff/BaseViewController;
			sourceTree = "<group>";
		};
		CA43630325D5626D0082E44C /* Coordinator */ = {
			isa = PBXGroup;
			children = (
				CA43630525D5626D0082E44C /* UVCoordinatorType.h */,
				CA43630625D5626D0082E44C /* UVAppCoordinator.h */,
				CA43630425D5626D0082E44C /* UVAppCoordinator.m */,
			);
			name = Coordinator;
			path = Presentation/Stuff/Coordinator;
			sourceTree = "<group>";
		};
		CA43630725D5626D0082E44C /* SearchController */ = {
			isa = PBXGroup;
			children = (
				CA43630825D5626D0082E44C /* UVSearchViewControllerDelegate.h */,
				CA43630925D5626D0082E44C /* UVSearchViewController.h */,
				CA43630A25D5626D0082E44C /* UVSearchViewController.m */,
			);
			name = SearchController;
			path = Presentation/Stuff/SearchController;
			sourceTree = "<group>";
		};
		CA43630B25D5626D0082E44C /* BaseView */ = {
			isa = PBXGroup;
			children = (
				CA43630C25D5626D0082E44C /* UVBaseViewType.h */,
			);
			name = BaseView;
			path = Presentation/Stuff/BaseView;
			sourceTree = "<group>";
		};
		CA43631B25D562AB0082E44C /* ChannelSourceList */ = {
			isa = PBXGroup;
			children = (
				CA43631C25D562AB0082E44C /* Presenter */,
				CA43632025D562AB0082E44C /* View */,
			);
			name = ChannelSourceList;
			path = Presentation/ChannelSourceList;
			sourceTree = "<group>";
		};
		CA43631C25D562AB0082E44C /* Presenter */ = {
			isa = PBXGroup;
			children = (
				CA43631F25D562AB0082E44C /* UVChannelSourceListPresenterType.h */,
				CA43631D25D562AB0082E44C /* UVChannelSourceListPresenter.h */,
				CA43631E25D562AB0082E44C /* UVChannelSourceListPresenter.m */,
			);
			path = Presenter;
			sourceTree = "<group>";
		};
		CA43632025D562AB0082E44C /* View */ = {
			isa = PBXGroup;
			children = (
				CA69671925E92A4900595123 /* Cell */,
				CA43632325D562AB0082E44C /* UVChannelSourceListViewType.h */,
				CA43632125D562AB0082E44C /* UVChannelSourceListViewController.h */,
				CA43632225D562AB0082E44C /* UVChannelSourceListViewController.m */,
			);
			path = View;
			sourceTree = "<group>";
		};
		CA43634A25D564580082E44C /* View */ = {
			isa = PBXGroup;
			children = (
				CA43635425D564F20082E44C /* UVChannelSearchViewType.h */,
				CA43634B25D564DC0082E44C /* UVChannelSearchViewController.h */,
				CA43634C25D564DC0082E44C /* UVChannelSearchViewController.m */,
			);
			name = View;
			sourceTree = "<group>";
		};
		CA69671925E92A4900595123 /* Cell */ = {
			isa = PBXGroup;
			children = (
				CA69671A25E92A5E00595123 /* UVChannelSourceTableViewCell.h */,
				CA69671B25E92A5E00595123 /* UVChannelSourceTableViewCell.m */,
			);
			path = Cell;
			sourceTree = "<group>";
		};
		CAB1612625DAA2FF0036B93D /* ChannelWebItem */ = {
			isa = PBXGroup;
			children = (
				CAB1612725DAA2FF0036B93D /* Presenter */,
				CAB1612B25DAA2FF0036B93D /* View */,
			);
			name = ChannelWebItem;
			path = Presentation/ChannelWebItem;
			sourceTree = "<group>";
		};
		CAB1612725DAA2FF0036B93D /* Presenter */ = {
			isa = PBXGroup;
			children = (
				CAB1612925DAA2FF0036B93D /* UVChannelWebItemPresenterType.h */,
				CAB1612A25DAA2FF0036B93D /* UVChannelWebItemPresenter.h */,
				CAB1612825DAA2FF0036B93D /* UVChannelWebItemPresenter.m */,
			);
			path = Presenter;
			sourceTree = "<group>";
		};
		CAB1612B25DAA2FF0036B93D /* View */ = {
			isa = PBXGroup;
			children = (
				CAB1612C25DAA2FF0036B93D /* UVChannelWebItemViewType.h */,
				CAB1613425DAA31B0036B93D /* UVChannelWebItemViewController.h */,
				CAB1613525DAA31B0036B93D /* UVChannelWebItemViewController.m */,
			);
			path = View;
			sourceTree = "<group>";
		};
		CAF30C2325701736004A925D /* UIViewController */ = {
			isa = PBXGroup;
			children = (
				CAF30C2425701736004A925D /* UIViewController+Util.h */,
				CAF30C2525701736004A925D /* UIViewController+Util.m */,
			);
			path = UIViewController;
			sourceTree = "<group>";
		};
		CAF8182A25DA8A770057EB50 /* FeedManager */ = {
			isa = PBXGroup;
			children = (
				CAF8183125DA8A970057EB50 /* UVFeedManagerType.h */,
				CAF8182B25DA8A860057EB50 /* UVFeedManager.h */,
				CAF8182C25DA8A860057EB50 /* UVFeedManager.m */,
			);
			path = FeedManager;
			sourceTree = "<group>";
		};
		CAFBBEC72587B62E0000C272 /* SourceManager */ = {
			isa = PBXGroup;
			children = (
				734AEE732591E8E700CE5716 /* Repository */,
				CAFBBECE2587B64F0000C272 /* UVSourceManagerType.h */,
				CAFBBEC82587B63D0000C272 /* UVSourceManager.h */,
				CAFBBEC92587B63D0000C272 /* UVSourceManager.m */,
			);
			path = SourceManager;
			sourceTree = "<group>";
		};
/* End PBXGroup section */

/* Begin PBXNativeTarget section */
		2B19036C2563FE16006D755E /* rss-reader */ = {
			isa = PBXNativeTarget;
			buildConfigurationList = 2B19039C2563FE17006D755E /* Build configuration list for PBXNativeTarget "rss-reader" */;
			buildPhases = (
				2B1903692563FE16006D755E /* Sources */,
				2B19036A2563FE16006D755E /* Frameworks */,
				2B19036B2563FE16006D755E /* Resources */,
			);
			buildRules = (
			);
			dependencies = (
			);
			name = "rss-reader";
			productName = "rss-reader";
			productReference = 2B19036D2563FE16006D755E /* rss-reader.app */;
			productType = "com.apple.product-type.application";
		};
		2B1903872563FE17006D755E /* rss-readerTests */ = {
			isa = PBXNativeTarget;
			buildConfigurationList = 2B19039F2563FE17006D755E /* Build configuration list for PBXNativeTarget "rss-readerTests" */;
			buildPhases = (
				2B1903842563FE17006D755E /* Sources */,
				2B1903852563FE17006D755E /* Frameworks */,
				2B1903862563FE17006D755E /* Resources */,
			);
			buildRules = (
			);
			dependencies = (
				2B19038A2563FE17006D755E /* PBXTargetDependency */,
			);
			name = "rss-readerTests";
			productName = "rss-readerTests";
			productReference = 2B1903882563FE17006D755E /* rss-readerTests.xctest */;
			productType = "com.apple.product-type.bundle.unit-test";
		};
		2B1903922563FE17006D755E /* rss-readerUITests */ = {
			isa = PBXNativeTarget;
			buildConfigurationList = 2B1903A22563FE17006D755E /* Build configuration list for PBXNativeTarget "rss-readerUITests" */;
			buildPhases = (
				2B19038F2563FE17006D755E /* Sources */,
				2B1903902563FE17006D755E /* Frameworks */,
				2B1903912563FE17006D755E /* Resources */,
			);
			buildRules = (
			);
			dependencies = (
				2B1903952563FE17006D755E /* PBXTargetDependency */,
			);
			name = "rss-readerUITests";
			productName = "rss-readerUITests";
			productReference = 2B1903932563FE17006D755E /* rss-readerUITests.xctest */;
			productType = "com.apple.product-type.bundle.ui-testing";
		};
/* End PBXNativeTarget section */

/* Begin PBXProject section */
		2B1903652563FE16006D755E /* Project object */ = {
			isa = PBXProject;
			attributes = {
				LastUpgradeCheck = 1220;
				TargetAttributes = {
					2B19036C2563FE16006D755E = {
						CreatedOnToolsVersion = 12.2;
					};
					2B1903872563FE17006D755E = {
						CreatedOnToolsVersion = 12.2;
						TestTargetID = 2B19036C2563FE16006D755E;
					};
					2B1903922563FE17006D755E = {
						CreatedOnToolsVersion = 12.2;
						TestTargetID = 2B19036C2563FE16006D755E;
					};
				};
			};
			buildConfigurationList = 2B1903682563FE16006D755E /* Build configuration list for PBXProject "rss-reader" */;
			compatibilityVersion = "Xcode 9.3";
			developmentRegion = en;
			hasScannedForEncodings = 0;
			knownRegions = (
				en,
				Base,
				ru,
			);
			mainGroup = 2B1903642563FE16006D755E;
			productRefGroup = 2B19036E2563FE16006D755E /* Products */;
			projectDirPath = "";
			projectRoot = "";
			targets = (
				2B19036C2563FE16006D755E /* rss-reader */,
				2B1903872563FE17006D755E /* rss-readerTests */,
				2B1903922563FE17006D755E /* rss-readerUITests */,
			);
		};
/* End PBXProject section */

/* Begin PBXResourcesBuildPhase section */
		2B19036B2563FE16006D755E /* Resources */ = {
			isa = PBXResourcesBuildPhase;
			buildActionMask = 2147483647;
			files = (
				2B19037D2563FE17006D755E /* Assets.xcassets in Resources */,
				CA2EF4D0257E5F64002452CA /* Settings.bundle in Resources */,
				2BF48F9E256E9B85007A81E0 /* Localizable.strings in Resources */,
			);
			runOnlyForDeploymentPostprocessing = 0;
		};
		2B1903862563FE17006D755E /* Resources */ = {
			isa = PBXResourcesBuildPhase;
			buildActionMask = 2147483647;
			files = (
				7362CADF25A24D4100037AEF /* tutbyfeed.xml in Resources */,
				7356666025A866F400FB8902 /* tutby.html in Resources */,
				7356667B25A8783300FB8902 /* tutbynorss.html in Resources */,
			);
			runOnlyForDeploymentPostprocessing = 0;
		};
		2B1903912563FE17006D755E /* Resources */ = {
			isa = PBXResourcesBuildPhase;
			buildActionMask = 2147483647;
			files = (
			);
			runOnlyForDeploymentPostprocessing = 0;
		};
/* End PBXResourcesBuildPhase section */

/* Begin PBXSourcesBuildPhase section */
		2B1903692563FE16006D755E /* Sources */ = {
			isa = PBXSourcesBuildPhase;
			buildActionMask = 2147483647;
			files = (
				CAF30C2625701736004A925D /* UIViewController+Util.m in Sources */,
				CA43630E25D5626D0082E44C /* UVBasePresenter.m in Sources */,
				2B53014F256E430200E82D56 /* NSDateFormatter+FormatInitializable.m in Sources */,
				2BBE8E1F256D37A400B31BC5 /* UVChannelFeedPresenter.m in Sources */,
				CA43632525D562AB0082E44C /* UVChannelSourceListViewController.m in Sources */,
				2BBE8E80256D446A00B31BC5 /* NSXMLParser+DelegateInitializable.m in Sources */,
				CAFBBECA2587B63D0000C272 /* UVSourceManager.m in Sources */,
				2B1903722563FE16006D755E /* AppDelegate.m in Sources */,
				CA1C9BD0257940A9002364C3 /* UIBarButtonItem+PrettiInitializable.m in Sources */,
				CA43630F25D5626D0082E44C /* UVBaseViewController.m in Sources */,
				7351C70B25A11FD600378AB2 /* UVFeedTableViewCell.m in Sources */,
				CA0AE6D425D55D4200747528 /* Reachability.m in Sources */,
				7351C6E925A11F0700378AB2 /* UVRSSFeed.m in Sources */,
				CA59DCD725EF7DDA005356E7 /* UVChannelDoneListPresenter.m in Sources */,
				7351C6F125A11F1D00378AB2 /* UVNetwork.m in Sources */,
				CA1090732590E5D300579204 /* NSArray+Util.m in Sources */,
				CA43631125D5626D0082E44C /* UVSearchViewController.m in Sources */,
				738F68A625E4F8E90073657C /* UVDebugViewController.m in Sources */,
				CA2BE099257F954400BC7749 /* RSSLink.m in Sources */,
				2BBE8E62256D395500B31BC5 /* NSDate+StringConvertible.m in Sources */,
				CA43634D25D564DC0082E44C /* UVChannelSearchViewController.m in Sources */,
				CAB1613625DAA31B0036B93D /* UVChannelWebItemViewController.m in Sources */,
				CA43631025D5626D0082E44C /* UVAppCoordinator.m in Sources */,
				CA59DCDD25EF7DEA005356E7 /* UVChannelDoneListViewController.m in Sources */,
				CA43635725D565040082E44C /* UVChannelSearchPresenter.m in Sources */,
				CA43630D25D5626D0082E44C /* UVPresentationBlockFactory.m in Sources */,
				CA43632425D562AB0082E44C /* UVChannelSourceListPresenter.m in Sources */,
				7381CCA625EC2DA8001EF1DD /* UITableViewCell+Util.m in Sources */,
				2BBE8E33256D37CE00B31BC5 /* UVChannelFeedViewController.m in Sources */,
				734AEE762591E8FD00CE5716 /* UVSourceRepository.m in Sources */,
				7351C6DE25A11EEF00378AB2 /* UVRSSFeedItem.m in Sources */,
				CA2EF4E5257E67DA002452CA /* UVDataRecognizer.m in Sources */,
				CAB1612D25DAA2FF0036B93D /* UVChannelWebItemPresenter.m in Sources */,
				CAB1611125DA8B2D0036B93D /* UVFeedXMLParser.m in Sources */,
				CA0A2BF12577B4C1003EC17A /* NSString+Util.m in Sources */,
				2B1903832563FE17006D755E /* main.m in Sources */,
				CA0AE69B25D5557E00747528 /* UIImage+AppIcons.m in Sources */,
				CA127D9925D69E5900AC67EA /* UVNavigationController.m in Sources */,
				CA131AD1259A2DF50044D992 /* UVRSSLinkXMLParser.m in Sources */,
				CAF8182D25DA8A860057EB50 /* UVFeedManager.m in Sources */,
				CA69671C25E92A5E00595123 /* UVChannelSourceTableViewCell.m in Sources */,
			);
			runOnlyForDeploymentPostprocessing = 0;
		};
		2B1903842563FE17006D755E /* Sources */ = {
			isa = PBXSourcesBuildPhase;
			buildActionMask = 2147483647;
			files = (
				739956C125A9ABD2003FD39C /* NSUserDefaultsMock.m in Sources */,
				7356668525A87ADD00FB8902 /* UVRSSLinkXMLParserMock.m in Sources */,
				7362CAF925A24FD800037AEF /* UVDataRecognizerMock.m in Sources */,
				7362CAD625A24D4100037AEF /* RSSDataFactory.m in Sources */,
				7362CAEF25A24DFB00037AEF /* UVSourceManagerMock.m in Sources */,
				7356666F25A8694D00FB8902 /* UVFeedParserMock.m in Sources */,
				7362CAD825A24D4100037AEF /* UVFeedXMLParserTests.m in Sources */,
				7362CADD25A24D4100037AEF /* UVChannelFeedViewMock.m in Sources */,
				CA7D975C25A4B776009CBD9B /* UVSourcesListPresenterTests.m in Sources */,
				7344475125A9D3FE00CDEA78 /* UVNetworkTests.m in Sources */,
				7362CADA25A24D4100037AEF /* UIApplicationMock.m in Sources */,
				7362CAD925A24D4100037AEF /* UVChannelFeedPresenterTests.m in Sources */,
				7362CADC25A24D4100037AEF /* MockParser.m in Sources */,
				CA11C18D25A5FCB6002019F4 /* UVSourcesListViewMock.m in Sources */,
				7356668D25A880A600FB8902 /* UVRSSLinkXMLParserTests.m in Sources */,
				739956B725A9A5FE003FD39C /* UVPlistRepositoryMock.m in Sources */,
				739956B025A9A47A003FD39C /* UVSourceManagerTests.m in Sources */,
				7362CAD525A24D4100037AEF /* SwissKnife.m in Sources */,
				7362CADE25A24D4100037AEF /* UVNetworkMock.m in Sources */,
				7356665825A8614A00FB8902 /* UVDataRecognizerTests.m in Sources */,
				CA11C19C25A60631002019F4 /* UVFeedProviderTests.m in Sources */,
			);
			runOnlyForDeploymentPostprocessing = 0;
		};
		2B19038F2563FE17006D755E /* Sources */ = {
			isa = PBXSourcesBuildPhase;
			buildActionMask = 2147483647;
			files = (
				2B1903982563FE17006D755E /* rss_readerUITests.m in Sources */,
			);
			runOnlyForDeploymentPostprocessing = 0;
		};
/* End PBXSourcesBuildPhase section */

/* Begin PBXTargetDependency section */
		2B19038A2563FE17006D755E /* PBXTargetDependency */ = {
			isa = PBXTargetDependency;
			target = 2B19036C2563FE16006D755E /* rss-reader */;
			targetProxy = 2B1903892563FE17006D755E /* PBXContainerItemProxy */;
		};
		2B1903952563FE17006D755E /* PBXTargetDependency */ = {
			isa = PBXTargetDependency;
			target = 2B19036C2563FE16006D755E /* rss-reader */;
			targetProxy = 2B1903942563FE17006D755E /* PBXContainerItemProxy */;
		};
/* End PBXTargetDependency section */

/* Begin PBXVariantGroup section */
		2BF48FA0256E9B85007A81E0 /* Localizable.strings */ = {
			isa = PBXVariantGroup;
			children = (
				2BF48F9F256E9B85007A81E0 /* en */,
				2BF48FA4256E9B88007A81E0 /* ru */,
			);
			name = Localizable.strings;
			sourceTree = "<group>";
		};
/* End PBXVariantGroup section */

/* Begin XCBuildConfiguration section */
		2B19039A2563FE17006D755E /* Debug */ = {
			isa = XCBuildConfiguration;
			buildSettings = {
				ALWAYS_SEARCH_USER_PATHS = NO;
				CLANG_ANALYZER_LOCALIZABILITY_NONLOCALIZED = YES;
				CLANG_ANALYZER_NONNULL = YES;
				CLANG_ANALYZER_NUMBER_OBJECT_CONVERSION = YES_AGGRESSIVE;
				CLANG_CXX_LANGUAGE_STANDARD = "gnu++14";
				CLANG_CXX_LIBRARY = "libc++";
				CLANG_ENABLE_MODULES = YES;
				CLANG_ENABLE_OBJC_ARC = NO;
				CLANG_ENABLE_OBJC_WEAK = YES;
				CLANG_WARN_BLOCK_CAPTURE_AUTORELEASING = YES;
				CLANG_WARN_BOOL_CONVERSION = YES;
				CLANG_WARN_COMMA = YES;
				CLANG_WARN_CONSTANT_CONVERSION = YES;
				CLANG_WARN_DEPRECATED_OBJC_IMPLEMENTATIONS = YES;
				CLANG_WARN_DIRECT_OBJC_ISA_USAGE = YES_ERROR;
				CLANG_WARN_DOCUMENTATION_COMMENTS = YES;
				CLANG_WARN_EMPTY_BODY = YES;
				CLANG_WARN_ENUM_CONVERSION = YES;
				CLANG_WARN_INFINITE_RECURSION = YES;
				CLANG_WARN_INT_CONVERSION = YES;
				CLANG_WARN_NON_LITERAL_NULL_CONVERSION = YES;
				CLANG_WARN_OBJC_IMPLICIT_RETAIN_SELF = YES;
				CLANG_WARN_OBJC_LITERAL_CONVERSION = YES;
				CLANG_WARN_OBJC_ROOT_CLASS = YES_ERROR;
				CLANG_WARN_QUOTED_INCLUDE_IN_FRAMEWORK_HEADER = YES;
				CLANG_WARN_RANGE_LOOP_ANALYSIS = YES;
				CLANG_WARN_STRICT_PROTOTYPES = YES;
				CLANG_WARN_SUSPICIOUS_MOVE = YES;
				CLANG_WARN_UNGUARDED_AVAILABILITY = YES_AGGRESSIVE;
				CLANG_WARN_UNREACHABLE_CODE = YES;
				CLANG_WARN__DUPLICATE_METHOD_MATCH = YES;
				COPY_PHASE_STRIP = NO;
				DEBUG_INFORMATION_FORMAT = dwarf;
				ENABLE_STRICT_OBJC_MSGSEND = YES;
				ENABLE_TESTABILITY = YES;
				GCC_C_LANGUAGE_STANDARD = gnu11;
				GCC_DYNAMIC_NO_PIC = NO;
				GCC_NO_COMMON_BLOCKS = YES;
				GCC_OPTIMIZATION_LEVEL = 0;
				GCC_PREPROCESSOR_DEFINITIONS = (
					"DEBUG=1",
					"$(inherited)",
				);
				GCC_WARN_64_TO_32_BIT_CONVERSION = YES;
				GCC_WARN_ABOUT_RETURN_TYPE = YES_ERROR;
				GCC_WARN_UNDECLARED_SELECTOR = YES;
				GCC_WARN_UNINITIALIZED_AUTOS = YES_AGGRESSIVE;
				GCC_WARN_UNUSED_FUNCTION = YES;
				GCC_WARN_UNUSED_VARIABLE = YES;
				IPHONEOS_DEPLOYMENT_TARGET = 12.0;
				MTL_ENABLE_DEBUG_INFO = INCLUDE_SOURCE;
				MTL_FAST_MATH = YES;
				ONLY_ACTIVE_ARCH = YES;
				SDKROOT = iphoneos;
			};
			name = Debug;
		};
		2B19039B2563FE17006D755E /* Release */ = {
			isa = XCBuildConfiguration;
			buildSettings = {
				ALWAYS_SEARCH_USER_PATHS = NO;
				CLANG_ANALYZER_LOCALIZABILITY_NONLOCALIZED = YES;
				CLANG_ANALYZER_NONNULL = YES;
				CLANG_ANALYZER_NUMBER_OBJECT_CONVERSION = YES_AGGRESSIVE;
				CLANG_CXX_LANGUAGE_STANDARD = "gnu++14";
				CLANG_CXX_LIBRARY = "libc++";
				CLANG_ENABLE_MODULES = YES;
				CLANG_ENABLE_OBJC_ARC = NO;
				CLANG_ENABLE_OBJC_WEAK = YES;
				CLANG_WARN_BLOCK_CAPTURE_AUTORELEASING = YES;
				CLANG_WARN_BOOL_CONVERSION = YES;
				CLANG_WARN_COMMA = YES;
				CLANG_WARN_CONSTANT_CONVERSION = YES;
				CLANG_WARN_DEPRECATED_OBJC_IMPLEMENTATIONS = YES;
				CLANG_WARN_DIRECT_OBJC_ISA_USAGE = YES_ERROR;
				CLANG_WARN_DOCUMENTATION_COMMENTS = YES;
				CLANG_WARN_EMPTY_BODY = YES;
				CLANG_WARN_ENUM_CONVERSION = YES;
				CLANG_WARN_INFINITE_RECURSION = YES;
				CLANG_WARN_INT_CONVERSION = YES;
				CLANG_WARN_NON_LITERAL_NULL_CONVERSION = YES;
				CLANG_WARN_OBJC_IMPLICIT_RETAIN_SELF = YES;
				CLANG_WARN_OBJC_LITERAL_CONVERSION = YES;
				CLANG_WARN_OBJC_ROOT_CLASS = YES_ERROR;
				CLANG_WARN_QUOTED_INCLUDE_IN_FRAMEWORK_HEADER = YES;
				CLANG_WARN_RANGE_LOOP_ANALYSIS = YES;
				CLANG_WARN_STRICT_PROTOTYPES = YES;
				CLANG_WARN_SUSPICIOUS_MOVE = YES;
				CLANG_WARN_UNGUARDED_AVAILABILITY = YES_AGGRESSIVE;
				CLANG_WARN_UNREACHABLE_CODE = YES;
				CLANG_WARN__DUPLICATE_METHOD_MATCH = YES;
				COPY_PHASE_STRIP = NO;
				DEBUG_INFORMATION_FORMAT = "dwarf-with-dsym";
				ENABLE_NS_ASSERTIONS = NO;
				ENABLE_STRICT_OBJC_MSGSEND = YES;
				GCC_C_LANGUAGE_STANDARD = gnu11;
				GCC_NO_COMMON_BLOCKS = YES;
				GCC_WARN_64_TO_32_BIT_CONVERSION = YES;
				GCC_WARN_ABOUT_RETURN_TYPE = YES_ERROR;
				GCC_WARN_UNDECLARED_SELECTOR = YES;
				GCC_WARN_UNINITIALIZED_AUTOS = YES_AGGRESSIVE;
				GCC_WARN_UNUSED_FUNCTION = YES;
				GCC_WARN_UNUSED_VARIABLE = YES;
				IPHONEOS_DEPLOYMENT_TARGET = 12.0;
				MTL_ENABLE_DEBUG_INFO = NO;
				MTL_FAST_MATH = YES;
				SDKROOT = iphoneos;
				VALIDATE_PRODUCT = YES;
			};
			name = Release;
		};
		2B19039D2563FE17006D755E /* Debug */ = {
			isa = XCBuildConfiguration;
			buildSettings = {
				ASSETCATALOG_COMPILER_APPICON_NAME = AppIcon;
				ASSETCATALOG_COMPILER_GLOBAL_ACCENT_COLOR_NAME = AccentColor;
				CLANG_ENABLE_OBJC_ARC = YES;
				CODE_SIGN_STYLE = Automatic;
				DEVELOPMENT_TEAM = 7YP67DVLV3;
				INFOPLIST_FILE = "rss-reader/Info.plist";
				LD_RUNPATH_SEARCH_PATHS = (
					"$(inherited)",
					"@executable_path/Frameworks",
				);
				MARKETING_VERSION = 2.0;
				PRODUCT_BUNDLE_IDENTIFIER = "com.uvolchyk.rss-reader";
				PRODUCT_NAME = "$(TARGET_NAME)";
				TARGETED_DEVICE_FAMILY = 1;
			};
			name = Debug;
		};
		2B19039E2563FE17006D755E /* Release */ = {
			isa = XCBuildConfiguration;
			buildSettings = {
				ASSETCATALOG_COMPILER_APPICON_NAME = AppIcon;
				ASSETCATALOG_COMPILER_GLOBAL_ACCENT_COLOR_NAME = AccentColor;
				CLANG_ENABLE_OBJC_ARC = YES;
				CODE_SIGN_STYLE = Automatic;
				DEVELOPMENT_TEAM = 7YP67DVLV3;
				INFOPLIST_FILE = "rss-reader/Info.plist";
				LD_RUNPATH_SEARCH_PATHS = (
					"$(inherited)",
					"@executable_path/Frameworks",
				);
				MARKETING_VERSION = 2.0;
				PRODUCT_BUNDLE_IDENTIFIER = "com.uvolchyk.rss-reader";
				PRODUCT_NAME = "$(TARGET_NAME)";
				TARGETED_DEVICE_FAMILY = 1;
			};
			name = Release;
		};
		2B1903A02563FE17006D755E /* Debug */ = {
			isa = XCBuildConfiguration;
			buildSettings = {
				BUNDLE_LOADER = "$(TEST_HOST)";
				CLANG_ENABLE_OBJC_ARC = YES;
				CODE_SIGN_STYLE = Automatic;
				DEVELOPMENT_TEAM = 7YP67DVLV3;
				INFOPLIST_FILE = "rss-readerTests/Info.plist";
				IPHONEOS_DEPLOYMENT_TARGET = 14.2;
				LD_RUNPATH_SEARCH_PATHS = (
					"$(inherited)",
					"@executable_path/Frameworks",
					"@loader_path/Frameworks",
				);
				PRODUCT_BUNDLE_IDENTIFIER = "com.uvolchyk.rss-readerTests";
				PRODUCT_NAME = "$(TARGET_NAME)";
				TARGETED_DEVICE_FAMILY = "1,2";
				TEST_HOST = "$(BUILT_PRODUCTS_DIR)/rss-reader.app/rss-reader";
			};
			name = Debug;
		};
		2B1903A12563FE17006D755E /* Release */ = {
			isa = XCBuildConfiguration;
			buildSettings = {
				BUNDLE_LOADER = "$(TEST_HOST)";
				CLANG_ENABLE_OBJC_ARC = YES;
				CODE_SIGN_STYLE = Automatic;
				DEVELOPMENT_TEAM = 7YP67DVLV3;
				INFOPLIST_FILE = "rss-readerTests/Info.plist";
				IPHONEOS_DEPLOYMENT_TARGET = 14.2;
				LD_RUNPATH_SEARCH_PATHS = (
					"$(inherited)",
					"@executable_path/Frameworks",
					"@loader_path/Frameworks",
				);
				PRODUCT_BUNDLE_IDENTIFIER = "com.uvolchyk.rss-readerTests";
				PRODUCT_NAME = "$(TARGET_NAME)";
				TARGETED_DEVICE_FAMILY = "1,2";
				TEST_HOST = "$(BUILT_PRODUCTS_DIR)/rss-reader.app/rss-reader";
			};
			name = Release;
		};
		2B1903A32563FE17006D755E /* Debug */ = {
			isa = XCBuildConfiguration;
			buildSettings = {
				CODE_SIGN_STYLE = Automatic;
				DEVELOPMENT_TEAM = 7YP67DVLV3;
				INFOPLIST_FILE = "rss-readerUITests/Info.plist";
				LD_RUNPATH_SEARCH_PATHS = (
					"$(inherited)",
					"@executable_path/Frameworks",
					"@loader_path/Frameworks",
				);
				PRODUCT_BUNDLE_IDENTIFIER = "com.uvolchyk.rss-readerUITests";
				PRODUCT_NAME = "$(TARGET_NAME)";
				TARGETED_DEVICE_FAMILY = "1,2";
				TEST_TARGET_NAME = "rss-reader";
			};
			name = Debug;
		};
		2B1903A42563FE17006D755E /* Release */ = {
			isa = XCBuildConfiguration;
			buildSettings = {
				CODE_SIGN_STYLE = Automatic;
				DEVELOPMENT_TEAM = 7YP67DVLV3;
				INFOPLIST_FILE = "rss-readerUITests/Info.plist";
				LD_RUNPATH_SEARCH_PATHS = (
					"$(inherited)",
					"@executable_path/Frameworks",
					"@loader_path/Frameworks",
				);
				PRODUCT_BUNDLE_IDENTIFIER = "com.uvolchyk.rss-readerUITests";
				PRODUCT_NAME = "$(TARGET_NAME)";
				TARGETED_DEVICE_FAMILY = "1,2";
				TEST_TARGET_NAME = "rss-reader";
			};
			name = Release;
		};
/* End XCBuildConfiguration section */

/* Begin XCConfigurationList section */
		2B1903682563FE16006D755E /* Build configuration list for PBXProject "rss-reader" */ = {
			isa = XCConfigurationList;
			buildConfigurations = (
				2B19039A2563FE17006D755E /* Debug */,
				2B19039B2563FE17006D755E /* Release */,
			);
			defaultConfigurationIsVisible = 0;
			defaultConfigurationName = Release;
		};
		2B19039C2563FE17006D755E /* Build configuration list for PBXNativeTarget "rss-reader" */ = {
			isa = XCConfigurationList;
			buildConfigurations = (
				2B19039D2563FE17006D755E /* Debug */,
				2B19039E2563FE17006D755E /* Release */,
			);
			defaultConfigurationIsVisible = 0;
			defaultConfigurationName = Release;
		};
		2B19039F2563FE17006D755E /* Build configuration list for PBXNativeTarget "rss-readerTests" */ = {
			isa = XCConfigurationList;
			buildConfigurations = (
				2B1903A02563FE17006D755E /* Debug */,
				2B1903A12563FE17006D755E /* Release */,
			);
			defaultConfigurationIsVisible = 0;
			defaultConfigurationName = Release;
		};
		2B1903A22563FE17006D755E /* Build configuration list for PBXNativeTarget "rss-readerUITests" */ = {
			isa = XCConfigurationList;
			buildConfigurations = (
				2B1903A32563FE17006D755E /* Debug */,
				2B1903A42563FE17006D755E /* Release */,
			);
			defaultConfigurationIsVisible = 0;
			defaultConfigurationName = Release;
		};
/* End XCConfigurationList section */
	};
	rootObject = 2B1903652563FE16006D755E /* Project object */;
}
